
Microsoft Visual Studio Solution File, Format Version 12.00
# Visual Studio 14
VisualStudioVersion = 14.0.25420.1
MinimumVisualStudioVersion = 10.0.40219.1
Project("{FAE04EC0-301F-11D3-BF4B-00C04F79EFBC}") = "ChaskisCore", "GenericIrcBot\ChaskisCore.csproj", "{501708E7-AC43-4DF4-B7BC-6A31074E30D1}"
EndProject
Project("{FAE04EC0-301F-11D3-BF4B-00C04F79EFBC}") = "Chaskis", "Chaskis\Chaskis.csproj", "{0A5E0053-5976-4E2C-A41B-8BAA8F112563}"
EndProject
Project("{FAE04EC0-301F-11D3-BF4B-00C04F79EFBC}") = "Tests", "Tests\Tests.csproj", "{CDE29556-87E8-4F1F-972A-33A9C849D390}"
EndProject
Project("{FAE04EC0-301F-11D3-BF4B-00C04F79EFBC}") = "ChaskisService", "ChaskisService\ChaskisService.csproj", "{FEAED314-AA03-440F-9463-1D43ABCC471F}"
EndProject
Project("{2150E333-8FDC-42A3-9474-1A3956D46DE8}") = "Plugins", "Plugins", "{ADC1D076-BA86-4137-AAEA-804181341468}"
EndProject
Project("{FAE04EC0-301F-11D3-BF4B-00C04F79EFBC}") = "WelcomeBot", "Plugins\WelcomeBotPlugin\WelcomeBot.csproj", "{19016BB6-B4C0-4E46-AB3B-EA7DED736BE5}"
EndProject
Project("{FAE04EC0-301F-11D3-BF4B-00C04F79EFBC}") = "CowSayBot", "Plugins\CowSayBot\CowSayBot.csproj", "{C82EC85E-1885-4F71-BA54-81EF08D169F6}"
EndProject
Project("{FAE04EC0-301F-11D3-BF4B-00C04F79EFBC}") = "ServerDiagnostics", "Plugins\ServerDiagnostics\ServerDiagnostics.csproj", "{13694108-DD59-4147-8AE0-8573414372B1}"
EndProject
Project("{FAE04EC0-301F-11D3-BF4B-00C04F79EFBC}") = "WeatherBot", "Plugins\WeatherBot\WeatherBot.csproj", "{0FB1C4E1-91C0-4988-BF4A-A9A1624DF5A8}"
EndProject
Project("{FAE04EC0-301F-11D3-BF4B-00C04F79EFBC}") = "KarmaBot", "Plugins\KarmaBot\KarmaBot.csproj", "{ADFA8D13-B83B-4ED4-8C23-F85FDBA8FC6E}"
EndProject
Project("{FAE04EC0-301F-11D3-BF4B-00C04F79EFBC}") = "ConsoleOut", "Plugins\ConsoleOut\ConsoleOut.csproj", "{2D639F2A-0AD9-45B9-9FC1-17EE4EBAA529}"
EndProject
Project("{FAE04EC0-301F-11D3-BF4B-00C04F79EFBC}") = "MathBot", "Plugins\MathBot\MathBot.csproj", "{B5C2B6B5-35A6-4EF8-AB4F-3BF5DA743878}"
EndProject
Project("{FAE04EC0-301F-11D3-BF4B-00C04F79EFBC}") = "IrcLogger", "Plugins\IrcLogger\IrcLogger.csproj", "{60DFA3F8-E518-482C-A620-E947D13A72E6}"
EndProject
Project("{FAE04EC0-301F-11D3-BF4B-00C04F79EFBC}") = "CapsWatcher", "Plugins\CapsWatcher\CapsWatcher.csproj", "{A5300647-4B0A-4C23-B714-5350070991FD}"
EndProject
Project("{FAE04EC0-301F-11D3-BF4B-00C04F79EFBC}") = "UserListBot", "Plugins\UserListBot\UserListBot.csproj", "{3FA4494D-50CE-47DE-96B2-ACE032FA830A}"
EndProject
Project("{FAE04EC0-301F-11D3-BF4B-00C04F79EFBC}") = "UrlBot", "Plugins\UrlBot\UrlBot.csproj", "{656FAFFB-0112-4F43-B98E-62C8D89188DB}"
EndProject
Project("{2150E333-8FDC-42A3-9474-1A3956D46DE8}") = "Solution Items", "Solution Items", "{7813F465-A43B-40A0-83CB-4864EA19888A}"
	ProjectSection(SolutionItems) = preProject
		BuildInstall.py = BuildInstall.py
		..\README.md = ..\README.md
		RunTest.bat = RunTest.bat
		..\WritingPlugins.md = ..\WritingPlugins.md
	EndProjectSection
EndProject
Project("{D954291E-2A0B-460D-934E-DC6B0785DB48}") = "SethCS", "..\SethCS\SethCS\SethCS.shproj", "{52089274-B9A2-4A47-A221-C321DEE1CE7F}"
EndProject
Project("{FAE04EC0-301F-11D3-BF4B-00C04F79EFBC}") = "QuoteBot", "Plugins\QuoteBot\QuoteBot.csproj", "{43BF7896-1A47-4F7A-8FF8-0103180C3794}"
EndProject
Project("{FAE04EC0-301F-11D3-BF4B-00C04F79EFBC}") = "XmlBot", "Plugins\XmlBot\XmlBot.csproj", "{343A37BD-92FE-4858-A28B-1E7ED529FD97}"
EndProject
Project("{FAE04EC0-301F-11D3-BF4B-00C04F79EFBC}") = "RssBot", "Plugins\RssBot\RssBot.csproj", "{B638ABB7-34C6-4D67-9EC7-224CB0F5C446}"
EndProject
Project("{FAE04EC0-301F-11D3-BF4B-00C04F79EFBC}") = "CrossChannel", "Plugins\CrossChannel\CrossChannel.csproj", "{E140E242-0C4D-4EFC-B423-4492BB01AB91}"
EndProject
Project("{930C7802-8A8C-48F9-8165-68863BCCD9DD}") = "ChaskisInstaller", "Install\windows\ChaskisInstaller\ChaskisInstaller.wixproj", "{3F5C76B6-5ADF-4AFC-8580-29311DC30836}"
EndProject
Global
	GlobalSection(SharedMSBuildProjectFiles) = preSolution
		..\SethCS\SethCS\SethCS.projitems*{501708e7-ac43-4df4-b7bc-6a31074e30d1}*SharedItemsImports = 4
		..\SethCS\SethCS\SethCS.projitems*{52089274-b9a2-4a47-a221-c321dee1ce7f}*SharedItemsImports = 13
	EndGlobalSection
	GlobalSection(SolutionConfigurationPlatforms) = preSolution
		Debug Linux|Any CPU = Debug Linux|Any CPU
		Debug Linux|x64 = Debug Linux|x64
		Debug Linux|x86 = Debug Linux|x86
		Debug|Any CPU = Debug|Any CPU
		Debug|x64 = Debug|x64
		Debug|x86 = Debug|x86
		Release Linux|Any CPU = Release Linux|Any CPU
		Release Linux|x64 = Release Linux|x64
		Release Linux|x86 = Release Linux|x86
		Release|Any CPU = Release|Any CPU
		Release|x64 = Release|x64
		Release|x86 = Release|x86
	EndGlobalSection
	GlobalSection(ProjectConfigurationPlatforms) = postSolution
		{501708E7-AC43-4DF4-B7BC-6A31074E30D1}.Debug Linux|Any CPU.ActiveCfg = Debug|Any CPU
		{501708E7-AC43-4DF4-B7BC-6A31074E30D1}.Debug Linux|Any CPU.Build.0 = Debug|Any CPU
		{501708E7-AC43-4DF4-B7BC-6A31074E30D1}.Debug Linux|x64.ActiveCfg = Debug|Any CPU
		{501708E7-AC43-4DF4-B7BC-6A31074E30D1}.Debug Linux|x64.Build.0 = Debug|Any CPU
		{501708E7-AC43-4DF4-B7BC-6A31074E30D1}.Debug Linux|x86.ActiveCfg = Debug|Any CPU
		{501708E7-AC43-4DF4-B7BC-6A31074E30D1}.Debug Linux|x86.Build.0 = Debug|Any CPU
		{501708E7-AC43-4DF4-B7BC-6A31074E30D1}.Debug|Any CPU.ActiveCfg = Debug|Any CPU
		{501708E7-AC43-4DF4-B7BC-6A31074E30D1}.Debug|Any CPU.Build.0 = Debug|Any CPU
		{501708E7-AC43-4DF4-B7BC-6A31074E30D1}.Debug|x64.ActiveCfg = Debug|Any CPU
		{501708E7-AC43-4DF4-B7BC-6A31074E30D1}.Debug|x64.Build.0 = Debug|Any CPU
		{501708E7-AC43-4DF4-B7BC-6A31074E30D1}.Debug|x86.ActiveCfg = Debug|Any CPU
		{501708E7-AC43-4DF4-B7BC-6A31074E30D1}.Debug|x86.Build.0 = Debug|Any CPU
		{501708E7-AC43-4DF4-B7BC-6A31074E30D1}.Release Linux|Any CPU.ActiveCfg = Release|Any CPU
		{501708E7-AC43-4DF4-B7BC-6A31074E30D1}.Release Linux|Any CPU.Build.0 = Release|Any CPU
		{501708E7-AC43-4DF4-B7BC-6A31074E30D1}.Release Linux|x64.ActiveCfg = Release|Any CPU
		{501708E7-AC43-4DF4-B7BC-6A31074E30D1}.Release Linux|x64.Build.0 = Release|Any CPU
		{501708E7-AC43-4DF4-B7BC-6A31074E30D1}.Release Linux|x86.ActiveCfg = Release|Any CPU
		{501708E7-AC43-4DF4-B7BC-6A31074E30D1}.Release Linux|x86.Build.0 = Release|Any CPU
		{501708E7-AC43-4DF4-B7BC-6A31074E30D1}.Release|Any CPU.ActiveCfg = Release|Any CPU
		{501708E7-AC43-4DF4-B7BC-6A31074E30D1}.Release|Any CPU.Build.0 = Release|Any CPU
		{501708E7-AC43-4DF4-B7BC-6A31074E30D1}.Release|x64.ActiveCfg = Release|Any CPU
		{501708E7-AC43-4DF4-B7BC-6A31074E30D1}.Release|x64.Build.0 = Release|Any CPU
		{501708E7-AC43-4DF4-B7BC-6A31074E30D1}.Release|x86.ActiveCfg = Release|Any CPU
		{501708E7-AC43-4DF4-B7BC-6A31074E30D1}.Release|x86.Build.0 = Release|Any CPU
		{0A5E0053-5976-4E2C-A41B-8BAA8F112563}.Debug Linux|Any CPU.ActiveCfg = Debug|Any CPU
		{0A5E0053-5976-4E2C-A41B-8BAA8F112563}.Debug Linux|Any CPU.Build.0 = Debug|Any CPU
		{0A5E0053-5976-4E2C-A41B-8BAA8F112563}.Debug Linux|x64.ActiveCfg = Debug|Any CPU
		{0A5E0053-5976-4E2C-A41B-8BAA8F112563}.Debug Linux|x64.Build.0 = Debug|Any CPU
		{0A5E0053-5976-4E2C-A41B-8BAA8F112563}.Debug Linux|x86.ActiveCfg = Debug|Any CPU
		{0A5E0053-5976-4E2C-A41B-8BAA8F112563}.Debug Linux|x86.Build.0 = Debug|Any CPU
		{0A5E0053-5976-4E2C-A41B-8BAA8F112563}.Debug|Any CPU.ActiveCfg = Debug|Any CPU
		{0A5E0053-5976-4E2C-A41B-8BAA8F112563}.Debug|Any CPU.Build.0 = Debug|Any CPU
		{0A5E0053-5976-4E2C-A41B-8BAA8F112563}.Debug|x64.ActiveCfg = Debug|Any CPU
		{0A5E0053-5976-4E2C-A41B-8BAA8F112563}.Debug|x64.Build.0 = Debug|Any CPU
		{0A5E0053-5976-4E2C-A41B-8BAA8F112563}.Debug|x86.ActiveCfg = Debug|Any CPU
		{0A5E0053-5976-4E2C-A41B-8BAA8F112563}.Debug|x86.Build.0 = Debug|Any CPU
		{0A5E0053-5976-4E2C-A41B-8BAA8F112563}.Release Linux|Any CPU.ActiveCfg = Release|Any CPU
		{0A5E0053-5976-4E2C-A41B-8BAA8F112563}.Release Linux|Any CPU.Build.0 = Release|Any CPU
		{0A5E0053-5976-4E2C-A41B-8BAA8F112563}.Release Linux|x64.ActiveCfg = Release|Any CPU
		{0A5E0053-5976-4E2C-A41B-8BAA8F112563}.Release Linux|x64.Build.0 = Release|Any CPU
		{0A5E0053-5976-4E2C-A41B-8BAA8F112563}.Release Linux|x86.ActiveCfg = Release|Any CPU
		{0A5E0053-5976-4E2C-A41B-8BAA8F112563}.Release Linux|x86.Build.0 = Release|Any CPU
		{0A5E0053-5976-4E2C-A41B-8BAA8F112563}.Release|Any CPU.ActiveCfg = Release|Any CPU
		{0A5E0053-5976-4E2C-A41B-8BAA8F112563}.Release|Any CPU.Build.0 = Release|Any CPU
		{0A5E0053-5976-4E2C-A41B-8BAA8F112563}.Release|x64.ActiveCfg = Release|Any CPU
		{0A5E0053-5976-4E2C-A41B-8BAA8F112563}.Release|x64.Build.0 = Release|Any CPU
		{0A5E0053-5976-4E2C-A41B-8BAA8F112563}.Release|x86.ActiveCfg = Release|Any CPU
		{0A5E0053-5976-4E2C-A41B-8BAA8F112563}.Release|x86.Build.0 = Release|Any CPU
		{CDE29556-87E8-4F1F-972A-33A9C849D390}.Debug Linux|Any CPU.ActiveCfg = Debug|Any CPU
		{CDE29556-87E8-4F1F-972A-33A9C849D390}.Debug Linux|Any CPU.Build.0 = Debug|Any CPU
		{CDE29556-87E8-4F1F-972A-33A9C849D390}.Debug Linux|x64.ActiveCfg = Debug|Any CPU
		{CDE29556-87E8-4F1F-972A-33A9C849D390}.Debug Linux|x64.Build.0 = Debug|Any CPU
		{CDE29556-87E8-4F1F-972A-33A9C849D390}.Debug Linux|x86.ActiveCfg = Debug|Any CPU
		{CDE29556-87E8-4F1F-972A-33A9C849D390}.Debug Linux|x86.Build.0 = Debug|Any CPU
		{CDE29556-87E8-4F1F-972A-33A9C849D390}.Debug|Any CPU.ActiveCfg = Debug|Any CPU
		{CDE29556-87E8-4F1F-972A-33A9C849D390}.Debug|Any CPU.Build.0 = Debug|Any CPU
		{CDE29556-87E8-4F1F-972A-33A9C849D390}.Debug|x64.ActiveCfg = Debug|Any CPU
		{CDE29556-87E8-4F1F-972A-33A9C849D390}.Debug|x64.Build.0 = Debug|Any CPU
		{CDE29556-87E8-4F1F-972A-33A9C849D390}.Debug|x86.ActiveCfg = Debug|Any CPU
		{CDE29556-87E8-4F1F-972A-33A9C849D390}.Debug|x86.Build.0 = Debug|Any CPU
		{CDE29556-87E8-4F1F-972A-33A9C849D390}.Release Linux|Any CPU.ActiveCfg = Release|Any CPU
		{CDE29556-87E8-4F1F-972A-33A9C849D390}.Release Linux|Any CPU.Build.0 = Release|Any CPU
		{CDE29556-87E8-4F1F-972A-33A9C849D390}.Release Linux|x64.ActiveCfg = Release|Any CPU
		{CDE29556-87E8-4F1F-972A-33A9C849D390}.Release Linux|x64.Build.0 = Release|Any CPU
		{CDE29556-87E8-4F1F-972A-33A9C849D390}.Release Linux|x86.ActiveCfg = Release|Any CPU
		{CDE29556-87E8-4F1F-972A-33A9C849D390}.Release Linux|x86.Build.0 = Release|Any CPU
		{CDE29556-87E8-4F1F-972A-33A9C849D390}.Release|Any CPU.ActiveCfg = Release|Any CPU
		{CDE29556-87E8-4F1F-972A-33A9C849D390}.Release|Any CPU.Build.0 = Release|Any CPU
		{CDE29556-87E8-4F1F-972A-33A9C849D390}.Release|x64.ActiveCfg = Release|Any CPU
		{CDE29556-87E8-4F1F-972A-33A9C849D390}.Release|x64.Build.0 = Release|Any CPU
		{CDE29556-87E8-4F1F-972A-33A9C849D390}.Release|x86.ActiveCfg = Release|Any CPU
		{CDE29556-87E8-4F1F-972A-33A9C849D390}.Release|x86.Build.0 = Release|Any CPU
		{FEAED314-AA03-440F-9463-1D43ABCC471F}.Debug Linux|Any CPU.ActiveCfg = Debug|Any CPU
		{FEAED314-AA03-440F-9463-1D43ABCC471F}.Debug Linux|Any CPU.Build.0 = Debug|Any CPU
		{FEAED314-AA03-440F-9463-1D43ABCC471F}.Debug Linux|x64.ActiveCfg = Debug|Any CPU
		{FEAED314-AA03-440F-9463-1D43ABCC471F}.Debug Linux|x64.Build.0 = Debug|Any CPU
		{FEAED314-AA03-440F-9463-1D43ABCC471F}.Debug Linux|x86.ActiveCfg = Debug|Any CPU
		{FEAED314-AA03-440F-9463-1D43ABCC471F}.Debug Linux|x86.Build.0 = Debug|Any CPU
		{FEAED314-AA03-440F-9463-1D43ABCC471F}.Debug|Any CPU.ActiveCfg = Debug|Any CPU
		{FEAED314-AA03-440F-9463-1D43ABCC471F}.Debug|Any CPU.Build.0 = Debug|Any CPU
		{FEAED314-AA03-440F-9463-1D43ABCC471F}.Debug|x64.ActiveCfg = Debug|Any CPU
		{FEAED314-AA03-440F-9463-1D43ABCC471F}.Debug|x64.Build.0 = Debug|Any CPU
		{FEAED314-AA03-440F-9463-1D43ABCC471F}.Debug|x86.ActiveCfg = Debug|Any CPU
		{FEAED314-AA03-440F-9463-1D43ABCC471F}.Debug|x86.Build.0 = Debug|Any CPU
		{FEAED314-AA03-440F-9463-1D43ABCC471F}.Release Linux|Any CPU.ActiveCfg = Release|Any CPU
		{FEAED314-AA03-440F-9463-1D43ABCC471F}.Release Linux|Any CPU.Build.0 = Release|Any CPU
		{FEAED314-AA03-440F-9463-1D43ABCC471F}.Release Linux|x64.ActiveCfg = Release|Any CPU
		{FEAED314-AA03-440F-9463-1D43ABCC471F}.Release Linux|x64.Build.0 = Release|Any CPU
		{FEAED314-AA03-440F-9463-1D43ABCC471F}.Release Linux|x86.ActiveCfg = Release|Any CPU
		{FEAED314-AA03-440F-9463-1D43ABCC471F}.Release Linux|x86.Build.0 = Release|Any CPU
		{FEAED314-AA03-440F-9463-1D43ABCC471F}.Release|Any CPU.ActiveCfg = Release|Any CPU
		{FEAED314-AA03-440F-9463-1D43ABCC471F}.Release|Any CPU.Build.0 = Release|Any CPU
		{FEAED314-AA03-440F-9463-1D43ABCC471F}.Release|x64.ActiveCfg = Release|Any CPU
		{FEAED314-AA03-440F-9463-1D43ABCC471F}.Release|x64.Build.0 = Release|Any CPU
		{FEAED314-AA03-440F-9463-1D43ABCC471F}.Release|x86.ActiveCfg = Release|Any CPU
		{FEAED314-AA03-440F-9463-1D43ABCC471F}.Release|x86.Build.0 = Release|Any CPU
		{19016BB6-B4C0-4E46-AB3B-EA7DED736BE5}.Debug Linux|Any CPU.ActiveCfg = Debug|Any CPU
		{19016BB6-B4C0-4E46-AB3B-EA7DED736BE5}.Debug Linux|Any CPU.Build.0 = Debug|Any CPU
		{19016BB6-B4C0-4E46-AB3B-EA7DED736BE5}.Debug Linux|x64.ActiveCfg = Debug|Any CPU
		{19016BB6-B4C0-4E46-AB3B-EA7DED736BE5}.Debug Linux|x64.Build.0 = Debug|Any CPU
		{19016BB6-B4C0-4E46-AB3B-EA7DED736BE5}.Debug Linux|x86.ActiveCfg = Debug|Any CPU
		{19016BB6-B4C0-4E46-AB3B-EA7DED736BE5}.Debug Linux|x86.Build.0 = Debug|Any CPU
		{19016BB6-B4C0-4E46-AB3B-EA7DED736BE5}.Debug|Any CPU.ActiveCfg = Debug|Any CPU
		{19016BB6-B4C0-4E46-AB3B-EA7DED736BE5}.Debug|Any CPU.Build.0 = Debug|Any CPU
		{19016BB6-B4C0-4E46-AB3B-EA7DED736BE5}.Debug|x64.ActiveCfg = Debug|Any CPU
		{19016BB6-B4C0-4E46-AB3B-EA7DED736BE5}.Debug|x64.Build.0 = Debug|Any CPU
		{19016BB6-B4C0-4E46-AB3B-EA7DED736BE5}.Debug|x86.ActiveCfg = Debug|Any CPU
		{19016BB6-B4C0-4E46-AB3B-EA7DED736BE5}.Debug|x86.Build.0 = Debug|Any CPU
		{19016BB6-B4C0-4E46-AB3B-EA7DED736BE5}.Release Linux|Any CPU.ActiveCfg = Release|Any CPU
		{19016BB6-B4C0-4E46-AB3B-EA7DED736BE5}.Release Linux|Any CPU.Build.0 = Release|Any CPU
		{19016BB6-B4C0-4E46-AB3B-EA7DED736BE5}.Release Linux|x64.ActiveCfg = Release|Any CPU
		{19016BB6-B4C0-4E46-AB3B-EA7DED736BE5}.Release Linux|x64.Build.0 = Release|Any CPU
		{19016BB6-B4C0-4E46-AB3B-EA7DED736BE5}.Release Linux|x86.ActiveCfg = Release|Any CPU
		{19016BB6-B4C0-4E46-AB3B-EA7DED736BE5}.Release Linux|x86.Build.0 = Release|Any CPU
		{19016BB6-B4C0-4E46-AB3B-EA7DED736BE5}.Release|Any CPU.ActiveCfg = Release|Any CPU
		{19016BB6-B4C0-4E46-AB3B-EA7DED736BE5}.Release|Any CPU.Build.0 = Release|Any CPU
		{19016BB6-B4C0-4E46-AB3B-EA7DED736BE5}.Release|x64.ActiveCfg = Release|Any CPU
		{19016BB6-B4C0-4E46-AB3B-EA7DED736BE5}.Release|x64.Build.0 = Release|Any CPU
		{19016BB6-B4C0-4E46-AB3B-EA7DED736BE5}.Release|x86.ActiveCfg = Release|Any CPU
		{19016BB6-B4C0-4E46-AB3B-EA7DED736BE5}.Release|x86.Build.0 = Release|Any CPU
		{C82EC85E-1885-4F71-BA54-81EF08D169F6}.Debug Linux|Any CPU.ActiveCfg = Debug Linux|Any CPU
		{C82EC85E-1885-4F71-BA54-81EF08D169F6}.Debug Linux|Any CPU.Build.0 = Debug Linux|Any CPU
		{C82EC85E-1885-4F71-BA54-81EF08D169F6}.Debug Linux|x64.ActiveCfg = Debug Linux|Any CPU
		{C82EC85E-1885-4F71-BA54-81EF08D169F6}.Debug Linux|x64.Build.0 = Debug Linux|Any CPU
		{C82EC85E-1885-4F71-BA54-81EF08D169F6}.Debug Linux|x86.ActiveCfg = Debug Linux|Any CPU
		{C82EC85E-1885-4F71-BA54-81EF08D169F6}.Debug Linux|x86.Build.0 = Debug Linux|Any CPU
		{C82EC85E-1885-4F71-BA54-81EF08D169F6}.Debug|Any CPU.ActiveCfg = Debug|Any CPU
		{C82EC85E-1885-4F71-BA54-81EF08D169F6}.Debug|Any CPU.Build.0 = Debug|Any CPU
		{C82EC85E-1885-4F71-BA54-81EF08D169F6}.Debug|x64.ActiveCfg = Debug|Any CPU
		{C82EC85E-1885-4F71-BA54-81EF08D169F6}.Debug|x64.Build.0 = Debug|Any CPU
		{C82EC85E-1885-4F71-BA54-81EF08D169F6}.Debug|x86.ActiveCfg = Debug|Any CPU
		{C82EC85E-1885-4F71-BA54-81EF08D169F6}.Debug|x86.Build.0 = Debug|Any CPU
		{C82EC85E-1885-4F71-BA54-81EF08D169F6}.Release Linux|Any CPU.ActiveCfg = Release Linux|Any CPU
		{C82EC85E-1885-4F71-BA54-81EF08D169F6}.Release Linux|Any CPU.Build.0 = Release Linux|Any CPU
		{C82EC85E-1885-4F71-BA54-81EF08D169F6}.Release Linux|x64.ActiveCfg = Release Linux|Any CPU
		{C82EC85E-1885-4F71-BA54-81EF08D169F6}.Release Linux|x64.Build.0 = Release Linux|Any CPU
		{C82EC85E-1885-4F71-BA54-81EF08D169F6}.Release Linux|x86.ActiveCfg = Release Linux|Any CPU
		{C82EC85E-1885-4F71-BA54-81EF08D169F6}.Release Linux|x86.Build.0 = Release Linux|Any CPU
		{C82EC85E-1885-4F71-BA54-81EF08D169F6}.Release|Any CPU.ActiveCfg = Release|Any CPU
		{C82EC85E-1885-4F71-BA54-81EF08D169F6}.Release|Any CPU.Build.0 = Release|Any CPU
		{C82EC85E-1885-4F71-BA54-81EF08D169F6}.Release|x64.ActiveCfg = Release|Any CPU
		{C82EC85E-1885-4F71-BA54-81EF08D169F6}.Release|x64.Build.0 = Release|Any CPU
		{C82EC85E-1885-4F71-BA54-81EF08D169F6}.Release|x86.ActiveCfg = Release|Any CPU
		{C82EC85E-1885-4F71-BA54-81EF08D169F6}.Release|x86.Build.0 = Release|Any CPU
		{13694108-DD59-4147-8AE0-8573414372B1}.Debug Linux|Any CPU.ActiveCfg = Debug|Any CPU
		{13694108-DD59-4147-8AE0-8573414372B1}.Debug Linux|Any CPU.Build.0 = Debug|Any CPU
		{13694108-DD59-4147-8AE0-8573414372B1}.Debug Linux|x64.ActiveCfg = Debug|Any CPU
		{13694108-DD59-4147-8AE0-8573414372B1}.Debug Linux|x64.Build.0 = Debug|Any CPU
		{13694108-DD59-4147-8AE0-8573414372B1}.Debug Linux|x86.ActiveCfg = Debug|Any CPU
		{13694108-DD59-4147-8AE0-8573414372B1}.Debug Linux|x86.Build.0 = Debug|Any CPU
		{13694108-DD59-4147-8AE0-8573414372B1}.Debug|Any CPU.ActiveCfg = Debug|Any CPU
		{13694108-DD59-4147-8AE0-8573414372B1}.Debug|Any CPU.Build.0 = Debug|Any CPU
		{13694108-DD59-4147-8AE0-8573414372B1}.Debug|x64.ActiveCfg = Debug|Any CPU
		{13694108-DD59-4147-8AE0-8573414372B1}.Debug|x64.Build.0 = Debug|Any CPU
		{13694108-DD59-4147-8AE0-8573414372B1}.Debug|x86.ActiveCfg = Debug|Any CPU
		{13694108-DD59-4147-8AE0-8573414372B1}.Debug|x86.Build.0 = Debug|Any CPU
		{13694108-DD59-4147-8AE0-8573414372B1}.Release Linux|Any CPU.ActiveCfg = Release|Any CPU
		{13694108-DD59-4147-8AE0-8573414372B1}.Release Linux|Any CPU.Build.0 = Release|Any CPU
		{13694108-DD59-4147-8AE0-8573414372B1}.Release Linux|x64.ActiveCfg = Release|Any CPU
		{13694108-DD59-4147-8AE0-8573414372B1}.Release Linux|x64.Build.0 = Release|Any CPU
		{13694108-DD59-4147-8AE0-8573414372B1}.Release Linux|x86.ActiveCfg = Release|Any CPU
		{13694108-DD59-4147-8AE0-8573414372B1}.Release Linux|x86.Build.0 = Release|Any CPU
		{13694108-DD59-4147-8AE0-8573414372B1}.Release|Any CPU.ActiveCfg = Release|Any CPU
		{13694108-DD59-4147-8AE0-8573414372B1}.Release|Any CPU.Build.0 = Release|Any CPU
		{13694108-DD59-4147-8AE0-8573414372B1}.Release|x64.ActiveCfg = Release|Any CPU
		{13694108-DD59-4147-8AE0-8573414372B1}.Release|x64.Build.0 = Release|Any CPU
		{13694108-DD59-4147-8AE0-8573414372B1}.Release|x86.ActiveCfg = Release|Any CPU
		{13694108-DD59-4147-8AE0-8573414372B1}.Release|x86.Build.0 = Release|Any CPU
		{0FB1C4E1-91C0-4988-BF4A-A9A1624DF5A8}.Debug Linux|Any CPU.ActiveCfg = Debug|Any CPU
		{0FB1C4E1-91C0-4988-BF4A-A9A1624DF5A8}.Debug Linux|Any CPU.Build.0 = Debug|Any CPU
		{0FB1C4E1-91C0-4988-BF4A-A9A1624DF5A8}.Debug Linux|x64.ActiveCfg = Debug|Any CPU
		{0FB1C4E1-91C0-4988-BF4A-A9A1624DF5A8}.Debug Linux|x64.Build.0 = Debug|Any CPU
		{0FB1C4E1-91C0-4988-BF4A-A9A1624DF5A8}.Debug Linux|x86.ActiveCfg = Debug|Any CPU
		{0FB1C4E1-91C0-4988-BF4A-A9A1624DF5A8}.Debug Linux|x86.Build.0 = Debug|Any CPU
		{0FB1C4E1-91C0-4988-BF4A-A9A1624DF5A8}.Debug|Any CPU.ActiveCfg = Debug|Any CPU
		{0FB1C4E1-91C0-4988-BF4A-A9A1624DF5A8}.Debug|Any CPU.Build.0 = Debug|Any CPU
		{0FB1C4E1-91C0-4988-BF4A-A9A1624DF5A8}.Debug|x64.ActiveCfg = Debug|Any CPU
		{0FB1C4E1-91C0-4988-BF4A-A9A1624DF5A8}.Debug|x64.Build.0 = Debug|Any CPU
		{0FB1C4E1-91C0-4988-BF4A-A9A1624DF5A8}.Debug|x86.ActiveCfg = Debug|Any CPU
		{0FB1C4E1-91C0-4988-BF4A-A9A1624DF5A8}.Debug|x86.Build.0 = Debug|Any CPU
		{0FB1C4E1-91C0-4988-BF4A-A9A1624DF5A8}.Release Linux|Any CPU.ActiveCfg = Release|Any CPU
		{0FB1C4E1-91C0-4988-BF4A-A9A1624DF5A8}.Release Linux|Any CPU.Build.0 = Release|Any CPU
		{0FB1C4E1-91C0-4988-BF4A-A9A1624DF5A8}.Release Linux|x64.ActiveCfg = Release|Any CPU
		{0FB1C4E1-91C0-4988-BF4A-A9A1624DF5A8}.Release Linux|x64.Build.0 = Release|Any CPU
		{0FB1C4E1-91C0-4988-BF4A-A9A1624DF5A8}.Release Linux|x86.ActiveCfg = Release|Any CPU
		{0FB1C4E1-91C0-4988-BF4A-A9A1624DF5A8}.Release Linux|x86.Build.0 = Release|Any CPU
		{0FB1C4E1-91C0-4988-BF4A-A9A1624DF5A8}.Release|Any CPU.ActiveCfg = Release|Any CPU
		{0FB1C4E1-91C0-4988-BF4A-A9A1624DF5A8}.Release|Any CPU.Build.0 = Release|Any CPU
		{0FB1C4E1-91C0-4988-BF4A-A9A1624DF5A8}.Release|x64.ActiveCfg = Release|Any CPU
		{0FB1C4E1-91C0-4988-BF4A-A9A1624DF5A8}.Release|x64.Build.0 = Release|Any CPU
		{0FB1C4E1-91C0-4988-BF4A-A9A1624DF5A8}.Release|x86.ActiveCfg = Release|Any CPU
		{0FB1C4E1-91C0-4988-BF4A-A9A1624DF5A8}.Release|x86.Build.0 = Release|Any CPU
		{ADFA8D13-B83B-4ED4-8C23-F85FDBA8FC6E}.Debug Linux|Any CPU.ActiveCfg = Debug|Any CPU
		{ADFA8D13-B83B-4ED4-8C23-F85FDBA8FC6E}.Debug Linux|Any CPU.Build.0 = Debug|Any CPU
		{ADFA8D13-B83B-4ED4-8C23-F85FDBA8FC6E}.Debug Linux|x64.ActiveCfg = Debug|Any CPU
		{ADFA8D13-B83B-4ED4-8C23-F85FDBA8FC6E}.Debug Linux|x64.Build.0 = Debug|Any CPU
		{ADFA8D13-B83B-4ED4-8C23-F85FDBA8FC6E}.Debug Linux|x86.ActiveCfg = Debug|Any CPU
		{ADFA8D13-B83B-4ED4-8C23-F85FDBA8FC6E}.Debug Linux|x86.Build.0 = Debug|Any CPU
		{ADFA8D13-B83B-4ED4-8C23-F85FDBA8FC6E}.Debug|Any CPU.ActiveCfg = Debug|Any CPU
		{ADFA8D13-B83B-4ED4-8C23-F85FDBA8FC6E}.Debug|Any CPU.Build.0 = Debug|Any CPU
		{ADFA8D13-B83B-4ED4-8C23-F85FDBA8FC6E}.Debug|x64.ActiveCfg = Debug|Any CPU
		{ADFA8D13-B83B-4ED4-8C23-F85FDBA8FC6E}.Debug|x64.Build.0 = Debug|Any CPU
		{ADFA8D13-B83B-4ED4-8C23-F85FDBA8FC6E}.Debug|x86.ActiveCfg = Debug|Any CPU
		{ADFA8D13-B83B-4ED4-8C23-F85FDBA8FC6E}.Debug|x86.Build.0 = Debug|Any CPU
		{ADFA8D13-B83B-4ED4-8C23-F85FDBA8FC6E}.Release Linux|Any CPU.ActiveCfg = Release|Any CPU
		{ADFA8D13-B83B-4ED4-8C23-F85FDBA8FC6E}.Release Linux|Any CPU.Build.0 = Release|Any CPU
		{ADFA8D13-B83B-4ED4-8C23-F85FDBA8FC6E}.Release Linux|x64.ActiveCfg = Release|Any CPU
		{ADFA8D13-B83B-4ED4-8C23-F85FDBA8FC6E}.Release Linux|x64.Build.0 = Release|Any CPU
		{ADFA8D13-B83B-4ED4-8C23-F85FDBA8FC6E}.Release Linux|x86.ActiveCfg = Release|Any CPU
		{ADFA8D13-B83B-4ED4-8C23-F85FDBA8FC6E}.Release Linux|x86.Build.0 = Release|Any CPU
		{ADFA8D13-B83B-4ED4-8C23-F85FDBA8FC6E}.Release|Any CPU.ActiveCfg = Release|Any CPU
		{ADFA8D13-B83B-4ED4-8C23-F85FDBA8FC6E}.Release|Any CPU.Build.0 = Release|Any CPU
		{ADFA8D13-B83B-4ED4-8C23-F85FDBA8FC6E}.Release|x64.ActiveCfg = Release|Any CPU
		{ADFA8D13-B83B-4ED4-8C23-F85FDBA8FC6E}.Release|x64.Build.0 = Release|Any CPU
		{ADFA8D13-B83B-4ED4-8C23-F85FDBA8FC6E}.Release|x86.ActiveCfg = Release|Any CPU
		{ADFA8D13-B83B-4ED4-8C23-F85FDBA8FC6E}.Release|x86.Build.0 = Release|Any CPU
		{2D639F2A-0AD9-45B9-9FC1-17EE4EBAA529}.Debug Linux|Any CPU.ActiveCfg = Debug|Any CPU
		{2D639F2A-0AD9-45B9-9FC1-17EE4EBAA529}.Debug Linux|Any CPU.Build.0 = Debug|Any CPU
		{2D639F2A-0AD9-45B9-9FC1-17EE4EBAA529}.Debug Linux|x64.ActiveCfg = Debug|Any CPU
		{2D639F2A-0AD9-45B9-9FC1-17EE4EBAA529}.Debug Linux|x64.Build.0 = Debug|Any CPU
		{2D639F2A-0AD9-45B9-9FC1-17EE4EBAA529}.Debug Linux|x86.ActiveCfg = Debug|Any CPU
		{2D639F2A-0AD9-45B9-9FC1-17EE4EBAA529}.Debug Linux|x86.Build.0 = Debug|Any CPU
		{2D639F2A-0AD9-45B9-9FC1-17EE4EBAA529}.Debug|Any CPU.ActiveCfg = Debug|Any CPU
		{2D639F2A-0AD9-45B9-9FC1-17EE4EBAA529}.Debug|Any CPU.Build.0 = Debug|Any CPU
		{2D639F2A-0AD9-45B9-9FC1-17EE4EBAA529}.Debug|x64.ActiveCfg = Debug|Any CPU
		{2D639F2A-0AD9-45B9-9FC1-17EE4EBAA529}.Debug|x64.Build.0 = Debug|Any CPU
		{2D639F2A-0AD9-45B9-9FC1-17EE4EBAA529}.Debug|x86.ActiveCfg = Debug|Any CPU
		{2D639F2A-0AD9-45B9-9FC1-17EE4EBAA529}.Debug|x86.Build.0 = Debug|Any CPU
		{2D639F2A-0AD9-45B9-9FC1-17EE4EBAA529}.Release Linux|Any CPU.ActiveCfg = Release|Any CPU
		{2D639F2A-0AD9-45B9-9FC1-17EE4EBAA529}.Release Linux|Any CPU.Build.0 = Release|Any CPU
		{2D639F2A-0AD9-45B9-9FC1-17EE4EBAA529}.Release Linux|x64.ActiveCfg = Release|Any CPU
		{2D639F2A-0AD9-45B9-9FC1-17EE4EBAA529}.Release Linux|x64.Build.0 = Release|Any CPU
		{2D639F2A-0AD9-45B9-9FC1-17EE4EBAA529}.Release Linux|x86.ActiveCfg = Release|Any CPU
		{2D639F2A-0AD9-45B9-9FC1-17EE4EBAA529}.Release Linux|x86.Build.0 = Release|Any CPU
		{2D639F2A-0AD9-45B9-9FC1-17EE4EBAA529}.Release|Any CPU.ActiveCfg = Release|Any CPU
		{2D639F2A-0AD9-45B9-9FC1-17EE4EBAA529}.Release|Any CPU.Build.0 = Release|Any CPU
		{2D639F2A-0AD9-45B9-9FC1-17EE4EBAA529}.Release|x64.ActiveCfg = Release|Any CPU
		{2D639F2A-0AD9-45B9-9FC1-17EE4EBAA529}.Release|x64.Build.0 = Release|Any CPU
		{2D639F2A-0AD9-45B9-9FC1-17EE4EBAA529}.Release|x86.ActiveCfg = Release|Any CPU
		{2D639F2A-0AD9-45B9-9FC1-17EE4EBAA529}.Release|x86.Build.0 = Release|Any CPU
		{B5C2B6B5-35A6-4EF8-AB4F-3BF5DA743878}.Debug Linux|Any CPU.ActiveCfg = Debug|Any CPU
		{B5C2B6B5-35A6-4EF8-AB4F-3BF5DA743878}.Debug Linux|Any CPU.Build.0 = Debug|Any CPU
		{B5C2B6B5-35A6-4EF8-AB4F-3BF5DA743878}.Debug Linux|x64.ActiveCfg = Debug|Any CPU
		{B5C2B6B5-35A6-4EF8-AB4F-3BF5DA743878}.Debug Linux|x64.Build.0 = Debug|Any CPU
		{B5C2B6B5-35A6-4EF8-AB4F-3BF5DA743878}.Debug Linux|x86.ActiveCfg = Debug|Any CPU
		{B5C2B6B5-35A6-4EF8-AB4F-3BF5DA743878}.Debug Linux|x86.Build.0 = Debug|Any CPU
		{B5C2B6B5-35A6-4EF8-AB4F-3BF5DA743878}.Debug|Any CPU.ActiveCfg = Debug|Any CPU
		{B5C2B6B5-35A6-4EF8-AB4F-3BF5DA743878}.Debug|Any CPU.Build.0 = Debug|Any CPU
		{B5C2B6B5-35A6-4EF8-AB4F-3BF5DA743878}.Debug|x64.ActiveCfg = Debug|Any CPU
		{B5C2B6B5-35A6-4EF8-AB4F-3BF5DA743878}.Debug|x64.Build.0 = Debug|Any CPU
		{B5C2B6B5-35A6-4EF8-AB4F-3BF5DA743878}.Debug|x86.ActiveCfg = Debug|Any CPU
		{B5C2B6B5-35A6-4EF8-AB4F-3BF5DA743878}.Debug|x86.Build.0 = Debug|Any CPU
		{B5C2B6B5-35A6-4EF8-AB4F-3BF5DA743878}.Release Linux|Any CPU.ActiveCfg = Release|Any CPU
		{B5C2B6B5-35A6-4EF8-AB4F-3BF5DA743878}.Release Linux|Any CPU.Build.0 = Release|Any CPU
		{B5C2B6B5-35A6-4EF8-AB4F-3BF5DA743878}.Release Linux|x64.ActiveCfg = Release|Any CPU
		{B5C2B6B5-35A6-4EF8-AB4F-3BF5DA743878}.Release Linux|x64.Build.0 = Release|Any CPU
		{B5C2B6B5-35A6-4EF8-AB4F-3BF5DA743878}.Release Linux|x86.ActiveCfg = Release|Any CPU
		{B5C2B6B5-35A6-4EF8-AB4F-3BF5DA743878}.Release Linux|x86.Build.0 = Release|Any CPU
		{B5C2B6B5-35A6-4EF8-AB4F-3BF5DA743878}.Release|Any CPU.ActiveCfg = Release|Any CPU
		{B5C2B6B5-35A6-4EF8-AB4F-3BF5DA743878}.Release|Any CPU.Build.0 = Release|Any CPU
		{B5C2B6B5-35A6-4EF8-AB4F-3BF5DA743878}.Release|x64.ActiveCfg = Release|Any CPU
		{B5C2B6B5-35A6-4EF8-AB4F-3BF5DA743878}.Release|x64.Build.0 = Release|Any CPU
		{B5C2B6B5-35A6-4EF8-AB4F-3BF5DA743878}.Release|x86.ActiveCfg = Release|Any CPU
		{B5C2B6B5-35A6-4EF8-AB4F-3BF5DA743878}.Release|x86.Build.0 = Release|Any CPU
		{60DFA3F8-E518-482C-A620-E947D13A72E6}.Debug Linux|Any CPU.ActiveCfg = Debug|Any CPU
		{60DFA3F8-E518-482C-A620-E947D13A72E6}.Debug Linux|Any CPU.Build.0 = Debug|Any CPU
		{60DFA3F8-E518-482C-A620-E947D13A72E6}.Debug Linux|x64.ActiveCfg = Debug|Any CPU
		{60DFA3F8-E518-482C-A620-E947D13A72E6}.Debug Linux|x64.Build.0 = Debug|Any CPU
		{60DFA3F8-E518-482C-A620-E947D13A72E6}.Debug Linux|x86.ActiveCfg = Debug|Any CPU
		{60DFA3F8-E518-482C-A620-E947D13A72E6}.Debug Linux|x86.Build.0 = Debug|Any CPU
		{60DFA3F8-E518-482C-A620-E947D13A72E6}.Debug|Any CPU.ActiveCfg = Debug|Any CPU
		{60DFA3F8-E518-482C-A620-E947D13A72E6}.Debug|Any CPU.Build.0 = Debug|Any CPU
		{60DFA3F8-E518-482C-A620-E947D13A72E6}.Debug|x64.ActiveCfg = Debug|Any CPU
		{60DFA3F8-E518-482C-A620-E947D13A72E6}.Debug|x64.Build.0 = Debug|Any CPU
		{60DFA3F8-E518-482C-A620-E947D13A72E6}.Debug|x86.ActiveCfg = Debug|Any CPU
		{60DFA3F8-E518-482C-A620-E947D13A72E6}.Debug|x86.Build.0 = Debug|Any CPU
		{60DFA3F8-E518-482C-A620-E947D13A72E6}.Release Linux|Any CPU.ActiveCfg = Release|Any CPU
		{60DFA3F8-E518-482C-A620-E947D13A72E6}.Release Linux|Any CPU.Build.0 = Release|Any CPU
		{60DFA3F8-E518-482C-A620-E947D13A72E6}.Release Linux|x64.ActiveCfg = Release|Any CPU
		{60DFA3F8-E518-482C-A620-E947D13A72E6}.Release Linux|x64.Build.0 = Release|Any CPU
		{60DFA3F8-E518-482C-A620-E947D13A72E6}.Release Linux|x86.ActiveCfg = Release|Any CPU
		{60DFA3F8-E518-482C-A620-E947D13A72E6}.Release Linux|x86.Build.0 = Release|Any CPU
		{60DFA3F8-E518-482C-A620-E947D13A72E6}.Release|Any CPU.ActiveCfg = Release|Any CPU
		{60DFA3F8-E518-482C-A620-E947D13A72E6}.Release|Any CPU.Build.0 = Release|Any CPU
		{60DFA3F8-E518-482C-A620-E947D13A72E6}.Release|x64.ActiveCfg = Release|Any CPU
		{60DFA3F8-E518-482C-A620-E947D13A72E6}.Release|x64.Build.0 = Release|Any CPU
		{60DFA3F8-E518-482C-A620-E947D13A72E6}.Release|x86.ActiveCfg = Release|Any CPU
		{60DFA3F8-E518-482C-A620-E947D13A72E6}.Release|x86.Build.0 = Release|Any CPU
		{A5300647-4B0A-4C23-B714-5350070991FD}.Debug Linux|Any CPU.ActiveCfg = Debug|Any CPU
		{A5300647-4B0A-4C23-B714-5350070991FD}.Debug Linux|Any CPU.Build.0 = Debug|Any CPU
		{A5300647-4B0A-4C23-B714-5350070991FD}.Debug Linux|x64.ActiveCfg = Debug|Any CPU
		{A5300647-4B0A-4C23-B714-5350070991FD}.Debug Linux|x64.Build.0 = Debug|Any CPU
		{A5300647-4B0A-4C23-B714-5350070991FD}.Debug Linux|x86.ActiveCfg = Debug|Any CPU
		{A5300647-4B0A-4C23-B714-5350070991FD}.Debug Linux|x86.Build.0 = Debug|Any CPU
		{A5300647-4B0A-4C23-B714-5350070991FD}.Debug|Any CPU.ActiveCfg = Debug|Any CPU
		{A5300647-4B0A-4C23-B714-5350070991FD}.Debug|Any CPU.Build.0 = Debug|Any CPU
		{A5300647-4B0A-4C23-B714-5350070991FD}.Debug|x64.ActiveCfg = Debug|Any CPU
		{A5300647-4B0A-4C23-B714-5350070991FD}.Debug|x64.Build.0 = Debug|Any CPU
		{A5300647-4B0A-4C23-B714-5350070991FD}.Debug|x86.ActiveCfg = Debug|Any CPU
		{A5300647-4B0A-4C23-B714-5350070991FD}.Debug|x86.Build.0 = Debug|Any CPU
		{A5300647-4B0A-4C23-B714-5350070991FD}.Release Linux|Any CPU.ActiveCfg = Release|Any CPU
		{A5300647-4B0A-4C23-B714-5350070991FD}.Release Linux|Any CPU.Build.0 = Release|Any CPU
		{A5300647-4B0A-4C23-B714-5350070991FD}.Release Linux|x64.ActiveCfg = Release|Any CPU
		{A5300647-4B0A-4C23-B714-5350070991FD}.Release Linux|x64.Build.0 = Release|Any CPU
		{A5300647-4B0A-4C23-B714-5350070991FD}.Release Linux|x86.ActiveCfg = Release|Any CPU
		{A5300647-4B0A-4C23-B714-5350070991FD}.Release Linux|x86.Build.0 = Release|Any CPU
		{A5300647-4B0A-4C23-B714-5350070991FD}.Release|Any CPU.ActiveCfg = Release|Any CPU
		{A5300647-4B0A-4C23-B714-5350070991FD}.Release|Any CPU.Build.0 = Release|Any CPU
		{A5300647-4B0A-4C23-B714-5350070991FD}.Release|x64.ActiveCfg = Release|Any CPU
		{A5300647-4B0A-4C23-B714-5350070991FD}.Release|x64.Build.0 = Release|Any CPU
		{A5300647-4B0A-4C23-B714-5350070991FD}.Release|x86.ActiveCfg = Release|Any CPU
		{A5300647-4B0A-4C23-B714-5350070991FD}.Release|x86.Build.0 = Release|Any CPU
		{3FA4494D-50CE-47DE-96B2-ACE032FA830A}.Debug Linux|Any CPU.ActiveCfg = Debug|Any CPU
		{3FA4494D-50CE-47DE-96B2-ACE032FA830A}.Debug Linux|Any CPU.Build.0 = Debug|Any CPU
		{3FA4494D-50CE-47DE-96B2-ACE032FA830A}.Debug Linux|x64.ActiveCfg = Debug|Any CPU
		{3FA4494D-50CE-47DE-96B2-ACE032FA830A}.Debug Linux|x64.Build.0 = Debug|Any CPU
		{3FA4494D-50CE-47DE-96B2-ACE032FA830A}.Debug Linux|x86.ActiveCfg = Debug|Any CPU
		{3FA4494D-50CE-47DE-96B2-ACE032FA830A}.Debug Linux|x86.Build.0 = Debug|Any CPU
		{3FA4494D-50CE-47DE-96B2-ACE032FA830A}.Debug|Any CPU.ActiveCfg = Debug|Any CPU
		{3FA4494D-50CE-47DE-96B2-ACE032FA830A}.Debug|Any CPU.Build.0 = Debug|Any CPU
		{3FA4494D-50CE-47DE-96B2-ACE032FA830A}.Debug|x64.ActiveCfg = Debug|Any CPU
		{3FA4494D-50CE-47DE-96B2-ACE032FA830A}.Debug|x64.Build.0 = Debug|Any CPU
		{3FA4494D-50CE-47DE-96B2-ACE032FA830A}.Debug|x86.ActiveCfg = Debug|Any CPU
		{3FA4494D-50CE-47DE-96B2-ACE032FA830A}.Debug|x86.Build.0 = Debug|Any CPU
		{3FA4494D-50CE-47DE-96B2-ACE032FA830A}.Release Linux|Any CPU.ActiveCfg = Release|Any CPU
		{3FA4494D-50CE-47DE-96B2-ACE032FA830A}.Release Linux|Any CPU.Build.0 = Release|Any CPU
		{3FA4494D-50CE-47DE-96B2-ACE032FA830A}.Release Linux|x64.ActiveCfg = Release|Any CPU
		{3FA4494D-50CE-47DE-96B2-ACE032FA830A}.Release Linux|x64.Build.0 = Release|Any CPU
		{3FA4494D-50CE-47DE-96B2-ACE032FA830A}.Release Linux|x86.ActiveCfg = Release|Any CPU
		{3FA4494D-50CE-47DE-96B2-ACE032FA830A}.Release Linux|x86.Build.0 = Release|Any CPU
		{3FA4494D-50CE-47DE-96B2-ACE032FA830A}.Release|Any CPU.ActiveCfg = Release|Any CPU
		{3FA4494D-50CE-47DE-96B2-ACE032FA830A}.Release|Any CPU.Build.0 = Release|Any CPU
		{3FA4494D-50CE-47DE-96B2-ACE032FA830A}.Release|x64.ActiveCfg = Release|Any CPU
		{3FA4494D-50CE-47DE-96B2-ACE032FA830A}.Release|x64.Build.0 = Release|Any CPU
		{3FA4494D-50CE-47DE-96B2-ACE032FA830A}.Release|x86.ActiveCfg = Release|Any CPU
		{3FA4494D-50CE-47DE-96B2-ACE032FA830A}.Release|x86.Build.0 = Release|Any CPU
		{656FAFFB-0112-4F43-B98E-62C8D89188DB}.Debug Linux|Any CPU.ActiveCfg = Debug|Any CPU
		{656FAFFB-0112-4F43-B98E-62C8D89188DB}.Debug Linux|Any CPU.Build.0 = Debug|Any CPU
		{656FAFFB-0112-4F43-B98E-62C8D89188DB}.Debug Linux|x64.ActiveCfg = Debug|Any CPU
		{656FAFFB-0112-4F43-B98E-62C8D89188DB}.Debug Linux|x64.Build.0 = Debug|Any CPU
		{656FAFFB-0112-4F43-B98E-62C8D89188DB}.Debug Linux|x86.ActiveCfg = Debug|Any CPU
		{656FAFFB-0112-4F43-B98E-62C8D89188DB}.Debug Linux|x86.Build.0 = Debug|Any CPU
		{656FAFFB-0112-4F43-B98E-62C8D89188DB}.Debug|Any CPU.ActiveCfg = Debug|Any CPU
		{656FAFFB-0112-4F43-B98E-62C8D89188DB}.Debug|Any CPU.Build.0 = Debug|Any CPU
		{656FAFFB-0112-4F43-B98E-62C8D89188DB}.Debug|x64.ActiveCfg = Debug|Any CPU
		{656FAFFB-0112-4F43-B98E-62C8D89188DB}.Debug|x64.Build.0 = Debug|Any CPU
		{656FAFFB-0112-4F43-B98E-62C8D89188DB}.Debug|x86.ActiveCfg = Debug|Any CPU
		{656FAFFB-0112-4F43-B98E-62C8D89188DB}.Debug|x86.Build.0 = Debug|Any CPU
		{656FAFFB-0112-4F43-B98E-62C8D89188DB}.Release Linux|Any CPU.ActiveCfg = Release|Any CPU
		{656FAFFB-0112-4F43-B98E-62C8D89188DB}.Release Linux|Any CPU.Build.0 = Release|Any CPU
		{656FAFFB-0112-4F43-B98E-62C8D89188DB}.Release Linux|x64.ActiveCfg = Release|Any CPU
		{656FAFFB-0112-4F43-B98E-62C8D89188DB}.Release Linux|x64.Build.0 = Release|Any CPU
		{656FAFFB-0112-4F43-B98E-62C8D89188DB}.Release Linux|x86.ActiveCfg = Release|Any CPU
		{656FAFFB-0112-4F43-B98E-62C8D89188DB}.Release Linux|x86.Build.0 = Release|Any CPU
		{656FAFFB-0112-4F43-B98E-62C8D89188DB}.Release|Any CPU.ActiveCfg = Release|Any CPU
		{656FAFFB-0112-4F43-B98E-62C8D89188DB}.Release|Any CPU.Build.0 = Release|Any CPU
		{656FAFFB-0112-4F43-B98E-62C8D89188DB}.Release|x64.ActiveCfg = Release|Any CPU
		{656FAFFB-0112-4F43-B98E-62C8D89188DB}.Release|x64.Build.0 = Release|Any CPU
		{656FAFFB-0112-4F43-B98E-62C8D89188DB}.Release|x86.ActiveCfg = Release|Any CPU
		{656FAFFB-0112-4F43-B98E-62C8D89188DB}.Release|x86.Build.0 = Release|Any CPU
		{43BF7896-1A47-4F7A-8FF8-0103180C3794}.Debug Linux|Any CPU.ActiveCfg = Debug|Any CPU
		{43BF7896-1A47-4F7A-8FF8-0103180C3794}.Debug Linux|Any CPU.Build.0 = Debug|Any CPU
		{43BF7896-1A47-4F7A-8FF8-0103180C3794}.Debug Linux|x64.ActiveCfg = Debug|Any CPU
		{43BF7896-1A47-4F7A-8FF8-0103180C3794}.Debug Linux|x64.Build.0 = Debug|Any CPU
		{43BF7896-1A47-4F7A-8FF8-0103180C3794}.Debug Linux|x86.ActiveCfg = Debug|Any CPU
		{43BF7896-1A47-4F7A-8FF8-0103180C3794}.Debug Linux|x86.Build.0 = Debug|Any CPU
		{43BF7896-1A47-4F7A-8FF8-0103180C3794}.Debug|Any CPU.ActiveCfg = Debug|Any CPU
		{43BF7896-1A47-4F7A-8FF8-0103180C3794}.Debug|Any CPU.Build.0 = Debug|Any CPU
		{43BF7896-1A47-4F7A-8FF8-0103180C3794}.Debug|x64.ActiveCfg = Debug|Any CPU
		{43BF7896-1A47-4F7A-8FF8-0103180C3794}.Debug|x64.Build.0 = Debug|Any CPU
		{43BF7896-1A47-4F7A-8FF8-0103180C3794}.Debug|x86.ActiveCfg = Debug|Any CPU
		{43BF7896-1A47-4F7A-8FF8-0103180C3794}.Debug|x86.Build.0 = Debug|Any CPU
		{43BF7896-1A47-4F7A-8FF8-0103180C3794}.Release Linux|Any CPU.ActiveCfg = Release|Any CPU
		{43BF7896-1A47-4F7A-8FF8-0103180C3794}.Release Linux|Any CPU.Build.0 = Release|Any CPU
		{43BF7896-1A47-4F7A-8FF8-0103180C3794}.Release Linux|x64.ActiveCfg = Release|Any CPU
		{43BF7896-1A47-4F7A-8FF8-0103180C3794}.Release Linux|x64.Build.0 = Release|Any CPU
		{43BF7896-1A47-4F7A-8FF8-0103180C3794}.Release Linux|x86.ActiveCfg = Release|Any CPU
		{43BF7896-1A47-4F7A-8FF8-0103180C3794}.Release Linux|x86.Build.0 = Release|Any CPU
		{43BF7896-1A47-4F7A-8FF8-0103180C3794}.Release|Any CPU.ActiveCfg = Release|Any CPU
		{43BF7896-1A47-4F7A-8FF8-0103180C3794}.Release|Any CPU.Build.0 = Release|Any CPU
		{43BF7896-1A47-4F7A-8FF8-0103180C3794}.Release|x64.ActiveCfg = Release|Any CPU
		{43BF7896-1A47-4F7A-8FF8-0103180C3794}.Release|x64.Build.0 = Release|Any CPU
		{43BF7896-1A47-4F7A-8FF8-0103180C3794}.Release|x86.ActiveCfg = Release|Any CPU
		{43BF7896-1A47-4F7A-8FF8-0103180C3794}.Release|x86.Build.0 = Release|Any CPU
		{343A37BD-92FE-4858-A28B-1E7ED529FD97}.Debug Linux|Any CPU.ActiveCfg = Debug|Any CPU
		{343A37BD-92FE-4858-A28B-1E7ED529FD97}.Debug Linux|Any CPU.Build.0 = Debug|Any CPU
		{343A37BD-92FE-4858-A28B-1E7ED529FD97}.Debug Linux|x64.ActiveCfg = Debug|Any CPU
		{343A37BD-92FE-4858-A28B-1E7ED529FD97}.Debug Linux|x64.Build.0 = Debug|Any CPU
		{343A37BD-92FE-4858-A28B-1E7ED529FD97}.Debug Linux|x86.ActiveCfg = Debug|Any CPU
		{343A37BD-92FE-4858-A28B-1E7ED529FD97}.Debug Linux|x86.Build.0 = Debug|Any CPU
		{343A37BD-92FE-4858-A28B-1E7ED529FD97}.Debug|Any CPU.ActiveCfg = Debug|Any CPU
		{343A37BD-92FE-4858-A28B-1E7ED529FD97}.Debug|Any CPU.Build.0 = Debug|Any CPU
		{343A37BD-92FE-4858-A28B-1E7ED529FD97}.Debug|x64.ActiveCfg = Debug|Any CPU
		{343A37BD-92FE-4858-A28B-1E7ED529FD97}.Debug|x64.Build.0 = Debug|Any CPU
		{343A37BD-92FE-4858-A28B-1E7ED529FD97}.Debug|x86.ActiveCfg = Debug|Any CPU
		{343A37BD-92FE-4858-A28B-1E7ED529FD97}.Debug|x86.Build.0 = Debug|Any CPU
		{343A37BD-92FE-4858-A28B-1E7ED529FD97}.Release Linux|Any CPU.ActiveCfg = Release|Any CPU
		{343A37BD-92FE-4858-A28B-1E7ED529FD97}.Release Linux|Any CPU.Build.0 = Release|Any CPU
		{343A37BD-92FE-4858-A28B-1E7ED529FD97}.Release Linux|x64.ActiveCfg = Release|Any CPU
		{343A37BD-92FE-4858-A28B-1E7ED529FD97}.Release Linux|x64.Build.0 = Release|Any CPU
		{343A37BD-92FE-4858-A28B-1E7ED529FD97}.Release Linux|x86.ActiveCfg = Release|Any CPU
		{343A37BD-92FE-4858-A28B-1E7ED529FD97}.Release Linux|x86.Build.0 = Release|Any CPU
		{343A37BD-92FE-4858-A28B-1E7ED529FD97}.Release|Any CPU.ActiveCfg = Release|Any CPU
		{343A37BD-92FE-4858-A28B-1E7ED529FD97}.Release|Any CPU.Build.0 = Release|Any CPU
		{343A37BD-92FE-4858-A28B-1E7ED529FD97}.Release|x64.ActiveCfg = Release|Any CPU
		{343A37BD-92FE-4858-A28B-1E7ED529FD97}.Release|x64.Build.0 = Release|Any CPU
		{343A37BD-92FE-4858-A28B-1E7ED529FD97}.Release|x86.ActiveCfg = Release|Any CPU
		{343A37BD-92FE-4858-A28B-1E7ED529FD97}.Release|x86.Build.0 = Release|Any CPU
		{B638ABB7-34C6-4D67-9EC7-224CB0F5C446}.Debug Linux|Any CPU.ActiveCfg = Debug|Any CPU
		{B638ABB7-34C6-4D67-9EC7-224CB0F5C446}.Debug Linux|Any CPU.Build.0 = Debug|Any CPU
		{B638ABB7-34C6-4D67-9EC7-224CB0F5C446}.Debug Linux|x64.ActiveCfg = Debug|Any CPU
		{B638ABB7-34C6-4D67-9EC7-224CB0F5C446}.Debug Linux|x64.Build.0 = Debug|Any CPU
		{B638ABB7-34C6-4D67-9EC7-224CB0F5C446}.Debug Linux|x86.ActiveCfg = Debug|Any CPU
		{B638ABB7-34C6-4D67-9EC7-224CB0F5C446}.Debug Linux|x86.Build.0 = Debug|Any CPU
		{B638ABB7-34C6-4D67-9EC7-224CB0F5C446}.Debug|Any CPU.ActiveCfg = Debug|Any CPU
		{B638ABB7-34C6-4D67-9EC7-224CB0F5C446}.Debug|Any CPU.Build.0 = Debug|Any CPU
		{B638ABB7-34C6-4D67-9EC7-224CB0F5C446}.Debug|x64.ActiveCfg = Debug|Any CPU
		{B638ABB7-34C6-4D67-9EC7-224CB0F5C446}.Debug|x64.Build.0 = Debug|Any CPU
		{B638ABB7-34C6-4D67-9EC7-224CB0F5C446}.Debug|x86.ActiveCfg = Debug|Any CPU
		{B638ABB7-34C6-4D67-9EC7-224CB0F5C446}.Debug|x86.Build.0 = Debug|Any CPU
		{B638ABB7-34C6-4D67-9EC7-224CB0F5C446}.Release Linux|Any CPU.ActiveCfg = Release|Any CPU
		{B638ABB7-34C6-4D67-9EC7-224CB0F5C446}.Release Linux|Any CPU.Build.0 = Release|Any CPU
		{B638ABB7-34C6-4D67-9EC7-224CB0F5C446}.Release Linux|x64.ActiveCfg = Release|Any CPU
		{B638ABB7-34C6-4D67-9EC7-224CB0F5C446}.Release Linux|x64.Build.0 = Release|Any CPU
		{B638ABB7-34C6-4D67-9EC7-224CB0F5C446}.Release Linux|x86.ActiveCfg = Release|Any CPU
		{B638ABB7-34C6-4D67-9EC7-224CB0F5C446}.Release Linux|x86.Build.0 = Release|Any CPU
		{B638ABB7-34C6-4D67-9EC7-224CB0F5C446}.Release|Any CPU.ActiveCfg = Release|Any CPU
		{B638ABB7-34C6-4D67-9EC7-224CB0F5C446}.Release|Any CPU.Build.0 = Release|Any CPU
		{B638ABB7-34C6-4D67-9EC7-224CB0F5C446}.Release|x64.ActiveCfg = Release|Any CPU
		{B638ABB7-34C6-4D67-9EC7-224CB0F5C446}.Release|x64.Build.0 = Release|Any CPU
		{B638ABB7-34C6-4D67-9EC7-224CB0F5C446}.Release|x86.ActiveCfg = Release|Any CPU
		{B638ABB7-34C6-4D67-9EC7-224CB0F5C446}.Release|x86.Build.0 = Release|Any CPU
		{E140E242-0C4D-4EFC-B423-4492BB01AB91}.Debug Linux|Any CPU.ActiveCfg = Debug|Any CPU
		{E140E242-0C4D-4EFC-B423-4492BB01AB91}.Debug Linux|Any CPU.Build.0 = Debug|Any CPU
		{E140E242-0C4D-4EFC-B423-4492BB01AB91}.Debug Linux|x64.ActiveCfg = Debug|Any CPU
		{E140E242-0C4D-4EFC-B423-4492BB01AB91}.Debug Linux|x64.Build.0 = Debug|Any CPU
		{E140E242-0C4D-4EFC-B423-4492BB01AB91}.Debug Linux|x86.ActiveCfg = Debug|Any CPU
		{E140E242-0C4D-4EFC-B423-4492BB01AB91}.Debug Linux|x86.Build.0 = Debug|Any CPU
		{E140E242-0C4D-4EFC-B423-4492BB01AB91}.Debug|Any CPU.ActiveCfg = Debug|Any CPU
		{E140E242-0C4D-4EFC-B423-4492BB01AB91}.Debug|Any CPU.Build.0 = Debug|Any CPU
		{E140E242-0C4D-4EFC-B423-4492BB01AB91}.Debug|x64.ActiveCfg = Debug|Any CPU
		{E140E242-0C4D-4EFC-B423-4492BB01AB91}.Debug|x64.Build.0 = Debug|Any CPU
		{E140E242-0C4D-4EFC-B423-4492BB01AB91}.Debug|x86.ActiveCfg = Debug|Any CPU
		{E140E242-0C4D-4EFC-B423-4492BB01AB91}.Debug|x86.Build.0 = Debug|Any CPU
		{E140E242-0C4D-4EFC-B423-4492BB01AB91}.Release Linux|Any CPU.ActiveCfg = Release|Any CPU
		{E140E242-0C4D-4EFC-B423-4492BB01AB91}.Release Linux|Any CPU.Build.0 = Release|Any CPU
		{E140E242-0C4D-4EFC-B423-4492BB01AB91}.Release Linux|x64.ActiveCfg = Release|Any CPU
		{E140E242-0C4D-4EFC-B423-4492BB01AB91}.Release Linux|x64.Build.0 = Release|Any CPU
		{E140E242-0C4D-4EFC-B423-4492BB01AB91}.Release Linux|x86.ActiveCfg = Release|Any CPU
		{E140E242-0C4D-4EFC-B423-4492BB01AB91}.Release Linux|x86.Build.0 = Release|Any CPU
		{E140E242-0C4D-4EFC-B423-4492BB01AB91}.Release|Any CPU.ActiveCfg = Release|Any CPU
		{E140E242-0C4D-4EFC-B423-4492BB01AB91}.Release|Any CPU.Build.0 = Release|Any CPU
		{E140E242-0C4D-4EFC-B423-4492BB01AB91}.Release|x64.ActiveCfg = Release|Any CPU
		{E140E242-0C4D-4EFC-B423-4492BB01AB91}.Release|x64.Build.0 = Release|Any CPU
		{E140E242-0C4D-4EFC-B423-4492BB01AB91}.Release|x86.ActiveCfg = Release|Any CPU
		{E140E242-0C4D-4EFC-B423-4492BB01AB91}.Release|x86.Build.0 = Release|Any CPU
		{3F5C76B6-5ADF-4AFC-8580-29311DC30836}.Debug Linux|Any CPU.ActiveCfg = Release|x86
		{3F5C76B6-5ADF-4AFC-8580-29311DC30836}.Debug Linux|Any CPU.Build.0 = Release|x86
		{3F5C76B6-5ADF-4AFC-8580-29311DC30836}.Debug Linux|x64.ActiveCfg = Debug|x64
		{3F5C76B6-5ADF-4AFC-8580-29311DC30836}.Debug Linux|x64.Build.0 = Debug|x64
		{3F5C76B6-5ADF-4AFC-8580-29311DC30836}.Debug Linux|x86.ActiveCfg = Debug|x86
		{3F5C76B6-5ADF-4AFC-8580-29311DC30836}.Debug Linux|x86.Build.0 = Debug|x86
		{3F5C76B6-5ADF-4AFC-8580-29311DC30836}.Debug|Any CPU.ActiveCfg = Debug|x86
		{3F5C76B6-5ADF-4AFC-8580-29311DC30836}.Debug|x64.ActiveCfg = Debug|x64
		{3F5C76B6-5ADF-4AFC-8580-29311DC30836}.Debug|x64.Build.0 = Debug|x64
		{3F5C76B6-5ADF-4AFC-8580-29311DC30836}.Debug|x86.ActiveCfg = Debug|x86
		{3F5C76B6-5ADF-4AFC-8580-29311DC30836}.Debug|x86.Build.0 = Debug|x86
		{3F5C76B6-5ADF-4AFC-8580-29311DC30836}.Release Linux|Any CPU.ActiveCfg = Release|x86
		{3F5C76B6-5ADF-4AFC-8580-29311DC30836}.Release Linux|Any CPU.Build.0 = Release|x86
		{3F5C76B6-5ADF-4AFC-8580-29311DC30836}.Release Linux|x64.ActiveCfg = Release|x64
		{3F5C76B6-5ADF-4AFC-8580-29311DC30836}.Release Linux|x64.Build.0 = Release|x64
		{3F5C76B6-5ADF-4AFC-8580-29311DC30836}.Release Linux|x86.ActiveCfg = Release|x86
		{3F5C76B6-5ADF-4AFC-8580-29311DC30836}.Release Linux|x86.Build.0 = Release|x86
		{3F5C76B6-5ADF-4AFC-8580-29311DC30836}.Release|Any CPU.ActiveCfg = Release|x86
		{3F5C76B6-5ADF-4AFC-8580-29311DC30836}.Release|x64.ActiveCfg = Release|x64
		{3F5C76B6-5ADF-4AFC-8580-29311DC30836}.Release|x64.Build.0 = Release|x64
		{3F5C76B6-5ADF-4AFC-8580-29311DC30836}.Release|x86.ActiveCfg = Release|x86
		{3F5C76B6-5ADF-4AFC-8580-29311DC30836}.Release|x86.Build.0 = Release|x86
	EndGlobalSection
	GlobalSection(SolutionProperties) = preSolution
		HideSolutionNode = FALSE
	EndGlobalSection
	GlobalSection(NestedProjects) = preSolution
		{19016BB6-B4C0-4E46-AB3B-EA7DED736BE5} = {ADC1D076-BA86-4137-AAEA-804181341468}
		{C82EC85E-1885-4F71-BA54-81EF08D169F6} = {ADC1D076-BA86-4137-AAEA-804181341468}
		{13694108-DD59-4147-8AE0-8573414372B1} = {ADC1D076-BA86-4137-AAEA-804181341468}
		{0FB1C4E1-91C0-4988-BF4A-A9A1624DF5A8} = {ADC1D076-BA86-4137-AAEA-804181341468}
		{ADFA8D13-B83B-4ED4-8C23-F85FDBA8FC6E} = {ADC1D076-BA86-4137-AAEA-804181341468}
		{2D639F2A-0AD9-45B9-9FC1-17EE4EBAA529} = {ADC1D076-BA86-4137-AAEA-804181341468}
		{B5C2B6B5-35A6-4EF8-AB4F-3BF5DA743878} = {ADC1D076-BA86-4137-AAEA-804181341468}
		{60DFA3F8-E518-482C-A620-E947D13A72E6} = {ADC1D076-BA86-4137-AAEA-804181341468}
		{A5300647-4B0A-4C23-B714-5350070991FD} = {ADC1D076-BA86-4137-AAEA-804181341468}
		{3FA4494D-50CE-47DE-96B2-ACE032FA830A} = {ADC1D076-BA86-4137-AAEA-804181341468}
		{656FAFFB-0112-4F43-B98E-62C8D89188DB} = {ADC1D076-BA86-4137-AAEA-804181341468}
		{43BF7896-1A47-4F7A-8FF8-0103180C3794} = {ADC1D076-BA86-4137-AAEA-804181341468}
		{343A37BD-92FE-4858-A28B-1E7ED529FD97} = {ADC1D076-BA86-4137-AAEA-804181341468}
		{B638ABB7-34C6-4D67-9EC7-224CB0F5C446} = {ADC1D076-BA86-4137-AAEA-804181341468}
		{E140E242-0C4D-4EFC-B423-4492BB01AB91} = {ADC1D076-BA86-4137-AAEA-804181341468}
	EndGlobalSection
	GlobalSection(MonoDevelopProperties) = preSolution
		Policies = $0
		$0.StandardHeader = $1
		$1.Text = @\n         Copyright Seth Hendrick 2016.\nDistributed under the Boost Software License, Version 1.0.\n   (See accompanying file ../../LICENSE_1_0.txt or copy at\n         http://www.boost.org/LICENSE_1_0.txt)\n
		$1.IncludeInNewFiles = True
	EndGlobalSection
EndGlobal
