
Microsoft Visual Studio Solution File, Format Version 12.00
# Visual Studio Version 16
VisualStudioVersion = 16.0.29326.143
MinimumVisualStudioVersion = 10.0.40219.1
Project("{9A19103F-16F7-4668-BE54-9A1E7A4F7556}") = "Chaskis.Core", "ChaskisCore\Chaskis.Core.csproj", "{AC2B7B3B-9511-40CD-B676-B8F81BF22594}"
EndProject
Project("{D954291E-2A0B-460D-934E-DC6B0785DB48}") = "SethCS", "..\SethCS\SethCS\SethCS.shproj", "{52089274-B9A2-4A47-A221-C321DEE1CE7F}"
EndProject
Project("{2150E333-8FDC-42A3-9474-1A3956D46DE8}") = "Plugins", "Plugins", "{CD928969-BCE9-4EDE-9B15-4E8BE4996030}"
EndProject
Project("{9A19103F-16F7-4668-BE54-9A1E7A4F7556}") = "CapsWatcher", "Plugins\CapsWatcher\CapsWatcher.csproj", "{822645E8-4577-4B12-8AFF-7B4F3C615791}"
EndProject
Project("{9A19103F-16F7-4668-BE54-9A1E7A4F7556}") = "ConsoleOut", "Plugins\ConsoleOut\ConsoleOut.csproj", "{41E4481E-D493-4743-9A17-3F74FEF44972}"
EndProject
Project("{9A19103F-16F7-4668-BE54-9A1E7A4F7556}") = "CowSayBot", "Plugins\CowSayBot\CowSayBot.csproj", "{714473F1-1077-4837-9106-7D2BDC67A78E}"
EndProject
Project("{9A19103F-16F7-4668-BE54-9A1E7A4F7556}") = "CrossChannel", "Plugins\CrossChannel\CrossChannel.csproj", "{ED5A36F8-0498-4B97-BB5C-67CFA7419089}"
EndProject
Project("{9A19103F-16F7-4668-BE54-9A1E7A4F7556}") = "IrcLogger", "Plugins\IrcLogger\IrcLogger.csproj", "{869B143B-663C-4941-99E7-328909E39D0E}"
EndProject
Project("{9A19103F-16F7-4668-BE54-9A1E7A4F7556}") = "IsItDownBot", "Plugins\IsItDownBot\IsItDownBot.csproj", "{0AA5387F-D2FE-4A57-870C-B74EB9B2DC9D}"
EndProject
Project("{9A19103F-16F7-4668-BE54-9A1E7A4F7556}") = "KarmaBot", "Plugins\KarmaBot\KarmaBot.csproj", "{9DEFFD5B-F43D-4281-B897-4EBE3068F5CB}"
EndProject
Project("{9A19103F-16F7-4668-BE54-9A1E7A4F7556}") = "MathBot", "Plugins\MathBot\MathBot.csproj", "{E8D265B1-E3B1-4C3F-A6E5-59F55CEA590C}"
EndProject
Project("{9A19103F-16F7-4668-BE54-9A1E7A4F7556}") = "MessageFixerBot", "Plugins\MessageFixerBot\MessageFixerBot.csproj", "{24275E1F-8093-4712-BEB0-10F210C3B055}"
EndProject
Project("{9A19103F-16F7-4668-BE54-9A1E7A4F7556}") = "NewVersionNotifier", "Plugins\NewVersionNotifier\NewVersionNotifier.csproj", "{D6FD36EF-22C4-4D83-AC9B-1861255EC87A}"
EndProject
Project("{9A19103F-16F7-4668-BE54-9A1E7A4F7556}") = "QuoteBot", "Plugins\QuoteBot\QuoteBot.csproj", "{18113062-728F-4911-B227-375A76BBFC6D}"
EndProject
Project("{9A19103F-16F7-4668-BE54-9A1E7A4F7556}") = "RssBot", "Plugins\RssBot\RssBot.csproj", "{D4EFB37D-F60C-43C9-96AB-951F6A1DDBEB}"
EndProject
Project("{9A19103F-16F7-4668-BE54-9A1E7A4F7556}") = "ServerDiagnostics", "Plugins\ServerDiagnostics\ServerDiagnostics.csproj", "{92CC420A-6730-454D-8617-00888562F8E3}"
EndProject
Project("{9A19103F-16F7-4668-BE54-9A1E7A4F7556}") = "UrlBot", "Plugins\UrlBot\UrlBot.csproj", "{2F373C06-7ABE-4C70-A3FB-9C66DB92D684}"
EndProject
Project("{9A19103F-16F7-4668-BE54-9A1E7A4F7556}") = "WeatherBot", "Plugins\WeatherBot\WeatherBot.csproj", "{D2FFA499-F6AC-47AC-93CD-6D05D7DAD91B}"
EndProject
Project("{9A19103F-16F7-4668-BE54-9A1E7A4F7556}") = "WelcomeBot", "Plugins\WelcomeBot\WelcomeBot.csproj", "{04A9CAE2-78AF-4A7C-8BB7-C62A2CD667DF}"
EndProject
Project("{9A19103F-16F7-4668-BE54-9A1E7A4F7556}") = "XmlBot", "Plugins\XmlBot\XmlBot.csproj", "{B3F4C2D3-8444-410A-9EF6-6D6F02E71245}"
EndProject
Project("{9A19103F-16F7-4668-BE54-9A1E7A4F7556}") = "Chaskis", "Chaskis\Chaskis.csproj", "{5D8F7036-E5E8-4B14-9889-0140A6FE1F5E}"
EndProject
Project("{9A19103F-16F7-4668-BE54-9A1E7A4F7556}") = "RegressionTests", "RegressionTests\TestFixtures\RegressionTests.csproj", "{B2F90902-E087-443D-84B0-D626E617E8D4}"
EndProject
Project("{9A19103F-16F7-4668-BE54-9A1E7A4F7556}") = "RegressionTestPlugin", "RegressionTests\RegressionTestPlugin\RegressionTestPlugin.csproj", "{5B0E3165-F13E-472A-AEC6-2F611BBB21ED}"
EndProject
Project("{9A19103F-16F7-4668-BE54-9A1E7A4F7556}") = "UserListBot", "Plugins\UserListBot\UserListBot.csproj", "{F68B03E8-63DA-4123-842F-9CC7358F0E6B}"
EndProject
Project("{2150E333-8FDC-42A3-9474-1A3956D46DE8}") = "Install", "Install", "{C0F7216E-8ECD-4EA8-8045-7FE685E59629}"
EndProject
Project("{9A19103F-16F7-4668-BE54-9A1E7A4F7556}") = "Chaskis.CliInstaller", "Install\ChaskisCliInstaller\Chaskis.CliInstaller.csproj", "{210B217E-23C9-4256-AB82-438BBFAFCDC3}"
EndProject
Project("{930C7802-8A8C-48F9-8165-68863BCCD9DD}") = "ChaskisInstaller", "Install\windows\ChaskisInstaller.wixproj", "{3F5C76B6-5ADF-4AFC-8580-29311DC30836}"
EndProject
Project("{9A19103F-16F7-4668-BE54-9A1E7A4F7556}") = "HttpServer", "Plugins\HttpServer\HttpServer.csproj", "{A1075DC2-2B7D-426A-A3DF-621F1FE36431}"
EndProject
Project("{9A19103F-16F7-4668-BE54-9A1E7A4F7556}") = "Chaskis.Service", "Chaskis.Service\Chaskis.Service.csproj", "{3D7581F6-F735-4B44-9B70-EB879CCBF94D}"
EndProject
Project("{9A19103F-16F7-4668-BE54-9A1E7A4F7556}") = "Chaskis.UnitTests", "UnitTests\Chaskis.UnitTests.csproj", "{C00195BE-6BEF-4648-9093-5F6244EE3616}"
EndProject
Global
	GlobalSection(SharedMSBuildProjectFiles) = preSolution
		..\SethCS\SethCS\SethCS.projitems*{52089274-b9a2-4a47-a221-c321dee1ce7f}*SharedItemsImports = 13
		..\SethCS\SethCS\SethCS.projitems*{ac2b7b3b-9511-40cd-b676-b8f81bf22594}*SharedItemsImports = 5
		..\SethCS\SethCS\SethCS.projitems*{b2f90902-e087-443d-84b0-d626e617e8d4}*SharedItemsImports = 5
	EndGlobalSection
	GlobalSection(SolutionConfigurationPlatforms) = preSolution
		Debug|Any CPU = Debug|Any CPU
		Debug|x64 = Debug|x64
		Debug|x86 = Debug|x86
		Install|Any CPU = Install|Any CPU
		Install|x64 = Install|x64
		Install|x86 = Install|x86
		Release|Any CPU = Release|Any CPU
		Release|x64 = Release|x64
		Release|x86 = Release|x86
	EndGlobalSection
	GlobalSection(ProjectConfigurationPlatforms) = postSolution
		{AC2B7B3B-9511-40CD-B676-B8F81BF22594}.Debug|Any CPU.ActiveCfg = Debug|Any CPU
		{AC2B7B3B-9511-40CD-B676-B8F81BF22594}.Debug|Any CPU.Build.0 = Debug|Any CPU
		{AC2B7B3B-9511-40CD-B676-B8F81BF22594}.Debug|x64.ActiveCfg = Debug|Any CPU
		{AC2B7B3B-9511-40CD-B676-B8F81BF22594}.Debug|x64.Build.0 = Debug|Any CPU
		{AC2B7B3B-9511-40CD-B676-B8F81BF22594}.Debug|x86.ActiveCfg = Debug|Any CPU
		{AC2B7B3B-9511-40CD-B676-B8F81BF22594}.Debug|x86.Build.0 = Debug|Any CPU
		{AC2B7B3B-9511-40CD-B676-B8F81BF22594}.Install|Any CPU.ActiveCfg = Release|Any CPU
		{AC2B7B3B-9511-40CD-B676-B8F81BF22594}.Install|Any CPU.Build.0 = Release|Any CPU
		{AC2B7B3B-9511-40CD-B676-B8F81BF22594}.Install|x64.ActiveCfg = Release|Any CPU
		{AC2B7B3B-9511-40CD-B676-B8F81BF22594}.Install|x64.Build.0 = Release|Any CPU
		{AC2B7B3B-9511-40CD-B676-B8F81BF22594}.Install|x86.ActiveCfg = Release|Any CPU
		{AC2B7B3B-9511-40CD-B676-B8F81BF22594}.Install|x86.Build.0 = Release|Any CPU
		{AC2B7B3B-9511-40CD-B676-B8F81BF22594}.Release|Any CPU.ActiveCfg = Release|Any CPU
		{AC2B7B3B-9511-40CD-B676-B8F81BF22594}.Release|Any CPU.Build.0 = Release|Any CPU
		{AC2B7B3B-9511-40CD-B676-B8F81BF22594}.Release|x64.ActiveCfg = Release|Any CPU
		{AC2B7B3B-9511-40CD-B676-B8F81BF22594}.Release|x64.Build.0 = Release|Any CPU
		{AC2B7B3B-9511-40CD-B676-B8F81BF22594}.Release|x86.ActiveCfg = Release|Any CPU
		{AC2B7B3B-9511-40CD-B676-B8F81BF22594}.Release|x86.Build.0 = Release|Any CPU
		{822645E8-4577-4B12-8AFF-7B4F3C615791}.Debug|Any CPU.ActiveCfg = Debug|Any CPU
		{822645E8-4577-4B12-8AFF-7B4F3C615791}.Debug|Any CPU.Build.0 = Debug|Any CPU
		{822645E8-4577-4B12-8AFF-7B4F3C615791}.Debug|x64.ActiveCfg = Debug|Any CPU
		{822645E8-4577-4B12-8AFF-7B4F3C615791}.Debug|x64.Build.0 = Debug|Any CPU
		{822645E8-4577-4B12-8AFF-7B4F3C615791}.Debug|x86.ActiveCfg = Debug|Any CPU
		{822645E8-4577-4B12-8AFF-7B4F3C615791}.Debug|x86.Build.0 = Debug|Any CPU
		{822645E8-4577-4B12-8AFF-7B4F3C615791}.Install|Any CPU.ActiveCfg = Release|Any CPU
		{822645E8-4577-4B12-8AFF-7B4F3C615791}.Install|Any CPU.Build.0 = Release|Any CPU
		{822645E8-4577-4B12-8AFF-7B4F3C615791}.Install|x64.ActiveCfg = Release|Any CPU
		{822645E8-4577-4B12-8AFF-7B4F3C615791}.Install|x64.Build.0 = Release|Any CPU
		{822645E8-4577-4B12-8AFF-7B4F3C615791}.Install|x86.ActiveCfg = Release|Any CPU
		{822645E8-4577-4B12-8AFF-7B4F3C615791}.Install|x86.Build.0 = Release|Any CPU
		{822645E8-4577-4B12-8AFF-7B4F3C615791}.Release|Any CPU.ActiveCfg = Release|Any CPU
		{822645E8-4577-4B12-8AFF-7B4F3C615791}.Release|Any CPU.Build.0 = Release|Any CPU
		{822645E8-4577-4B12-8AFF-7B4F3C615791}.Release|x64.ActiveCfg = Release|Any CPU
		{822645E8-4577-4B12-8AFF-7B4F3C615791}.Release|x64.Build.0 = Release|Any CPU
		{822645E8-4577-4B12-8AFF-7B4F3C615791}.Release|x86.ActiveCfg = Release|Any CPU
		{822645E8-4577-4B12-8AFF-7B4F3C615791}.Release|x86.Build.0 = Release|Any CPU
		{41E4481E-D493-4743-9A17-3F74FEF44972}.Debug|Any CPU.ActiveCfg = Debug|Any CPU
		{41E4481E-D493-4743-9A17-3F74FEF44972}.Debug|Any CPU.Build.0 = Debug|Any CPU
		{41E4481E-D493-4743-9A17-3F74FEF44972}.Debug|x64.ActiveCfg = Debug|Any CPU
		{41E4481E-D493-4743-9A17-3F74FEF44972}.Debug|x64.Build.0 = Debug|Any CPU
		{41E4481E-D493-4743-9A17-3F74FEF44972}.Debug|x86.ActiveCfg = Debug|Any CPU
		{41E4481E-D493-4743-9A17-3F74FEF44972}.Debug|x86.Build.0 = Debug|Any CPU
		{41E4481E-D493-4743-9A17-3F74FEF44972}.Install|Any CPU.ActiveCfg = Release|Any CPU
		{41E4481E-D493-4743-9A17-3F74FEF44972}.Install|Any CPU.Build.0 = Release|Any CPU
		{41E4481E-D493-4743-9A17-3F74FEF44972}.Install|x64.ActiveCfg = Release|Any CPU
		{41E4481E-D493-4743-9A17-3F74FEF44972}.Install|x64.Build.0 = Release|Any CPU
		{41E4481E-D493-4743-9A17-3F74FEF44972}.Install|x86.ActiveCfg = Release|Any CPU
		{41E4481E-D493-4743-9A17-3F74FEF44972}.Install|x86.Build.0 = Release|Any CPU
		{41E4481E-D493-4743-9A17-3F74FEF44972}.Release|Any CPU.ActiveCfg = Release|Any CPU
		{41E4481E-D493-4743-9A17-3F74FEF44972}.Release|Any CPU.Build.0 = Release|Any CPU
		{41E4481E-D493-4743-9A17-3F74FEF44972}.Release|x64.ActiveCfg = Release|Any CPU
		{41E4481E-D493-4743-9A17-3F74FEF44972}.Release|x64.Build.0 = Release|Any CPU
		{41E4481E-D493-4743-9A17-3F74FEF44972}.Release|x86.ActiveCfg = Release|Any CPU
		{41E4481E-D493-4743-9A17-3F74FEF44972}.Release|x86.Build.0 = Release|Any CPU
		{714473F1-1077-4837-9106-7D2BDC67A78E}.Debug|Any CPU.ActiveCfg = Debug|Any CPU
		{714473F1-1077-4837-9106-7D2BDC67A78E}.Debug|Any CPU.Build.0 = Debug|Any CPU
		{714473F1-1077-4837-9106-7D2BDC67A78E}.Debug|x64.ActiveCfg = Debug|Any CPU
		{714473F1-1077-4837-9106-7D2BDC67A78E}.Debug|x64.Build.0 = Debug|Any CPU
		{714473F1-1077-4837-9106-7D2BDC67A78E}.Debug|x86.ActiveCfg = Debug|Any CPU
		{714473F1-1077-4837-9106-7D2BDC67A78E}.Debug|x86.Build.0 = Debug|Any CPU
		{714473F1-1077-4837-9106-7D2BDC67A78E}.Install|Any CPU.ActiveCfg = Release|Any CPU
		{714473F1-1077-4837-9106-7D2BDC67A78E}.Install|Any CPU.Build.0 = Release|Any CPU
		{714473F1-1077-4837-9106-7D2BDC67A78E}.Install|x64.ActiveCfg = Release|Any CPU
		{714473F1-1077-4837-9106-7D2BDC67A78E}.Install|x64.Build.0 = Release|Any CPU
		{714473F1-1077-4837-9106-7D2BDC67A78E}.Install|x86.ActiveCfg = Release|Any CPU
		{714473F1-1077-4837-9106-7D2BDC67A78E}.Install|x86.Build.0 = Release|Any CPU
		{714473F1-1077-4837-9106-7D2BDC67A78E}.Release|Any CPU.ActiveCfg = Release|Any CPU
		{714473F1-1077-4837-9106-7D2BDC67A78E}.Release|Any CPU.Build.0 = Release|Any CPU
		{714473F1-1077-4837-9106-7D2BDC67A78E}.Release|x64.ActiveCfg = Release|Any CPU
		{714473F1-1077-4837-9106-7D2BDC67A78E}.Release|x64.Build.0 = Release|Any CPU
		{714473F1-1077-4837-9106-7D2BDC67A78E}.Release|x86.ActiveCfg = Release|Any CPU
		{714473F1-1077-4837-9106-7D2BDC67A78E}.Release|x86.Build.0 = Release|Any CPU
		{ED5A36F8-0498-4B97-BB5C-67CFA7419089}.Debug|Any CPU.ActiveCfg = Debug|Any CPU
		{ED5A36F8-0498-4B97-BB5C-67CFA7419089}.Debug|Any CPU.Build.0 = Debug|Any CPU
		{ED5A36F8-0498-4B97-BB5C-67CFA7419089}.Debug|x64.ActiveCfg = Debug|Any CPU
		{ED5A36F8-0498-4B97-BB5C-67CFA7419089}.Debug|x64.Build.0 = Debug|Any CPU
		{ED5A36F8-0498-4B97-BB5C-67CFA7419089}.Debug|x86.ActiveCfg = Debug|Any CPU
		{ED5A36F8-0498-4B97-BB5C-67CFA7419089}.Debug|x86.Build.0 = Debug|Any CPU
		{ED5A36F8-0498-4B97-BB5C-67CFA7419089}.Install|Any CPU.ActiveCfg = Release|Any CPU
		{ED5A36F8-0498-4B97-BB5C-67CFA7419089}.Install|Any CPU.Build.0 = Release|Any CPU
		{ED5A36F8-0498-4B97-BB5C-67CFA7419089}.Install|x64.ActiveCfg = Release|Any CPU
		{ED5A36F8-0498-4B97-BB5C-67CFA7419089}.Install|x64.Build.0 = Release|Any CPU
		{ED5A36F8-0498-4B97-BB5C-67CFA7419089}.Install|x86.ActiveCfg = Release|Any CPU
		{ED5A36F8-0498-4B97-BB5C-67CFA7419089}.Install|x86.Build.0 = Release|Any CPU
		{ED5A36F8-0498-4B97-BB5C-67CFA7419089}.Release|Any CPU.ActiveCfg = Release|Any CPU
		{ED5A36F8-0498-4B97-BB5C-67CFA7419089}.Release|Any CPU.Build.0 = Release|Any CPU
		{ED5A36F8-0498-4B97-BB5C-67CFA7419089}.Release|x64.ActiveCfg = Release|Any CPU
		{ED5A36F8-0498-4B97-BB5C-67CFA7419089}.Release|x64.Build.0 = Release|Any CPU
		{ED5A36F8-0498-4B97-BB5C-67CFA7419089}.Release|x86.ActiveCfg = Release|Any CPU
		{ED5A36F8-0498-4B97-BB5C-67CFA7419089}.Release|x86.Build.0 = Release|Any CPU
		{869B143B-663C-4941-99E7-328909E39D0E}.Debug|Any CPU.ActiveCfg = Debug|Any CPU
		{869B143B-663C-4941-99E7-328909E39D0E}.Debug|Any CPU.Build.0 = Debug|Any CPU
		{869B143B-663C-4941-99E7-328909E39D0E}.Debug|x64.ActiveCfg = Debug|Any CPU
		{869B143B-663C-4941-99E7-328909E39D0E}.Debug|x64.Build.0 = Debug|Any CPU
		{869B143B-663C-4941-99E7-328909E39D0E}.Debug|x86.ActiveCfg = Debug|Any CPU
		{869B143B-663C-4941-99E7-328909E39D0E}.Debug|x86.Build.0 = Debug|Any CPU
		{869B143B-663C-4941-99E7-328909E39D0E}.Install|Any CPU.ActiveCfg = Release|Any CPU
		{869B143B-663C-4941-99E7-328909E39D0E}.Install|Any CPU.Build.0 = Release|Any CPU
		{869B143B-663C-4941-99E7-328909E39D0E}.Install|x64.ActiveCfg = Release|Any CPU
		{869B143B-663C-4941-99E7-328909E39D0E}.Install|x64.Build.0 = Release|Any CPU
		{869B143B-663C-4941-99E7-328909E39D0E}.Install|x86.ActiveCfg = Release|Any CPU
		{869B143B-663C-4941-99E7-328909E39D0E}.Install|x86.Build.0 = Release|Any CPU
		{869B143B-663C-4941-99E7-328909E39D0E}.Release|Any CPU.ActiveCfg = Release|Any CPU
		{869B143B-663C-4941-99E7-328909E39D0E}.Release|Any CPU.Build.0 = Release|Any CPU
		{869B143B-663C-4941-99E7-328909E39D0E}.Release|x64.ActiveCfg = Release|Any CPU
		{869B143B-663C-4941-99E7-328909E39D0E}.Release|x64.Build.0 = Release|Any CPU
		{869B143B-663C-4941-99E7-328909E39D0E}.Release|x86.ActiveCfg = Release|Any CPU
		{869B143B-663C-4941-99E7-328909E39D0E}.Release|x86.Build.0 = Release|Any CPU
		{0AA5387F-D2FE-4A57-870C-B74EB9B2DC9D}.Debug|Any CPU.ActiveCfg = Debug|Any CPU
		{0AA5387F-D2FE-4A57-870C-B74EB9B2DC9D}.Debug|Any CPU.Build.0 = Debug|Any CPU
		{0AA5387F-D2FE-4A57-870C-B74EB9B2DC9D}.Debug|x64.ActiveCfg = Debug|Any CPU
		{0AA5387F-D2FE-4A57-870C-B74EB9B2DC9D}.Debug|x64.Build.0 = Debug|Any CPU
		{0AA5387F-D2FE-4A57-870C-B74EB9B2DC9D}.Debug|x86.ActiveCfg = Debug|Any CPU
		{0AA5387F-D2FE-4A57-870C-B74EB9B2DC9D}.Debug|x86.Build.0 = Debug|Any CPU
		{0AA5387F-D2FE-4A57-870C-B74EB9B2DC9D}.Install|Any CPU.ActiveCfg = Release|Any CPU
		{0AA5387F-D2FE-4A57-870C-B74EB9B2DC9D}.Install|Any CPU.Build.0 = Release|Any CPU
		{0AA5387F-D2FE-4A57-870C-B74EB9B2DC9D}.Install|x64.ActiveCfg = Release|Any CPU
		{0AA5387F-D2FE-4A57-870C-B74EB9B2DC9D}.Install|x64.Build.0 = Release|Any CPU
		{0AA5387F-D2FE-4A57-870C-B74EB9B2DC9D}.Install|x86.ActiveCfg = Release|Any CPU
		{0AA5387F-D2FE-4A57-870C-B74EB9B2DC9D}.Install|x86.Build.0 = Release|Any CPU
		{0AA5387F-D2FE-4A57-870C-B74EB9B2DC9D}.Release|Any CPU.ActiveCfg = Release|Any CPU
		{0AA5387F-D2FE-4A57-870C-B74EB9B2DC9D}.Release|Any CPU.Build.0 = Release|Any CPU
		{0AA5387F-D2FE-4A57-870C-B74EB9B2DC9D}.Release|x64.ActiveCfg = Release|Any CPU
		{0AA5387F-D2FE-4A57-870C-B74EB9B2DC9D}.Release|x64.Build.0 = Release|Any CPU
		{0AA5387F-D2FE-4A57-870C-B74EB9B2DC9D}.Release|x86.ActiveCfg = Release|Any CPU
		{0AA5387F-D2FE-4A57-870C-B74EB9B2DC9D}.Release|x86.Build.0 = Release|Any CPU
		{9DEFFD5B-F43D-4281-B897-4EBE3068F5CB}.Debug|Any CPU.ActiveCfg = Debug|Any CPU
		{9DEFFD5B-F43D-4281-B897-4EBE3068F5CB}.Debug|Any CPU.Build.0 = Debug|Any CPU
		{9DEFFD5B-F43D-4281-B897-4EBE3068F5CB}.Debug|x64.ActiveCfg = Debug|Any CPU
		{9DEFFD5B-F43D-4281-B897-4EBE3068F5CB}.Debug|x64.Build.0 = Debug|Any CPU
		{9DEFFD5B-F43D-4281-B897-4EBE3068F5CB}.Debug|x86.ActiveCfg = Debug|Any CPU
		{9DEFFD5B-F43D-4281-B897-4EBE3068F5CB}.Debug|x86.Build.0 = Debug|Any CPU
		{9DEFFD5B-F43D-4281-B897-4EBE3068F5CB}.Install|Any CPU.ActiveCfg = Release|Any CPU
		{9DEFFD5B-F43D-4281-B897-4EBE3068F5CB}.Install|Any CPU.Build.0 = Release|Any CPU
		{9DEFFD5B-F43D-4281-B897-4EBE3068F5CB}.Install|x64.ActiveCfg = Release|Any CPU
		{9DEFFD5B-F43D-4281-B897-4EBE3068F5CB}.Install|x64.Build.0 = Release|Any CPU
		{9DEFFD5B-F43D-4281-B897-4EBE3068F5CB}.Install|x86.ActiveCfg = Release|Any CPU
		{9DEFFD5B-F43D-4281-B897-4EBE3068F5CB}.Install|x86.Build.0 = Release|Any CPU
		{9DEFFD5B-F43D-4281-B897-4EBE3068F5CB}.Release|Any CPU.ActiveCfg = Release|Any CPU
		{9DEFFD5B-F43D-4281-B897-4EBE3068F5CB}.Release|Any CPU.Build.0 = Release|Any CPU
		{9DEFFD5B-F43D-4281-B897-4EBE3068F5CB}.Release|x64.ActiveCfg = Release|Any CPU
		{9DEFFD5B-F43D-4281-B897-4EBE3068F5CB}.Release|x64.Build.0 = Release|Any CPU
		{9DEFFD5B-F43D-4281-B897-4EBE3068F5CB}.Release|x86.ActiveCfg = Release|Any CPU
		{9DEFFD5B-F43D-4281-B897-4EBE3068F5CB}.Release|x86.Build.0 = Release|Any CPU
		{E8D265B1-E3B1-4C3F-A6E5-59F55CEA590C}.Debug|Any CPU.ActiveCfg = Debug|Any CPU
		{E8D265B1-E3B1-4C3F-A6E5-59F55CEA590C}.Debug|Any CPU.Build.0 = Debug|Any CPU
		{E8D265B1-E3B1-4C3F-A6E5-59F55CEA590C}.Debug|x64.ActiveCfg = Debug|Any CPU
		{E8D265B1-E3B1-4C3F-A6E5-59F55CEA590C}.Debug|x64.Build.0 = Debug|Any CPU
		{E8D265B1-E3B1-4C3F-A6E5-59F55CEA590C}.Debug|x86.ActiveCfg = Debug|Any CPU
		{E8D265B1-E3B1-4C3F-A6E5-59F55CEA590C}.Debug|x86.Build.0 = Debug|Any CPU
		{E8D265B1-E3B1-4C3F-A6E5-59F55CEA590C}.Install|Any CPU.ActiveCfg = Release|Any CPU
		{E8D265B1-E3B1-4C3F-A6E5-59F55CEA590C}.Install|Any CPU.Build.0 = Release|Any CPU
		{E8D265B1-E3B1-4C3F-A6E5-59F55CEA590C}.Install|x64.ActiveCfg = Release|Any CPU
		{E8D265B1-E3B1-4C3F-A6E5-59F55CEA590C}.Install|x64.Build.0 = Release|Any CPU
		{E8D265B1-E3B1-4C3F-A6E5-59F55CEA590C}.Install|x86.ActiveCfg = Release|Any CPU
		{E8D265B1-E3B1-4C3F-A6E5-59F55CEA590C}.Install|x86.Build.0 = Release|Any CPU
		{E8D265B1-E3B1-4C3F-A6E5-59F55CEA590C}.Release|Any CPU.ActiveCfg = Release|Any CPU
		{E8D265B1-E3B1-4C3F-A6E5-59F55CEA590C}.Release|Any CPU.Build.0 = Release|Any CPU
		{E8D265B1-E3B1-4C3F-A6E5-59F55CEA590C}.Release|x64.ActiveCfg = Release|Any CPU
		{E8D265B1-E3B1-4C3F-A6E5-59F55CEA590C}.Release|x64.Build.0 = Release|Any CPU
		{E8D265B1-E3B1-4C3F-A6E5-59F55CEA590C}.Release|x86.ActiveCfg = Release|Any CPU
		{E8D265B1-E3B1-4C3F-A6E5-59F55CEA590C}.Release|x86.Build.0 = Release|Any CPU
		{24275E1F-8093-4712-BEB0-10F210C3B055}.Debug|Any CPU.ActiveCfg = Debug|Any CPU
		{24275E1F-8093-4712-BEB0-10F210C3B055}.Debug|Any CPU.Build.0 = Debug|Any CPU
		{24275E1F-8093-4712-BEB0-10F210C3B055}.Debug|x64.ActiveCfg = Debug|Any CPU
		{24275E1F-8093-4712-BEB0-10F210C3B055}.Debug|x64.Build.0 = Debug|Any CPU
		{24275E1F-8093-4712-BEB0-10F210C3B055}.Debug|x86.ActiveCfg = Debug|Any CPU
		{24275E1F-8093-4712-BEB0-10F210C3B055}.Debug|x86.Build.0 = Debug|Any CPU
		{24275E1F-8093-4712-BEB0-10F210C3B055}.Install|Any CPU.ActiveCfg = Release|Any CPU
		{24275E1F-8093-4712-BEB0-10F210C3B055}.Install|Any CPU.Build.0 = Release|Any CPU
		{24275E1F-8093-4712-BEB0-10F210C3B055}.Install|x64.ActiveCfg = Release|Any CPU
		{24275E1F-8093-4712-BEB0-10F210C3B055}.Install|x64.Build.0 = Release|Any CPU
		{24275E1F-8093-4712-BEB0-10F210C3B055}.Install|x86.ActiveCfg = Release|Any CPU
		{24275E1F-8093-4712-BEB0-10F210C3B055}.Install|x86.Build.0 = Release|Any CPU
		{24275E1F-8093-4712-BEB0-10F210C3B055}.Release|Any CPU.ActiveCfg = Release|Any CPU
		{24275E1F-8093-4712-BEB0-10F210C3B055}.Release|Any CPU.Build.0 = Release|Any CPU
		{24275E1F-8093-4712-BEB0-10F210C3B055}.Release|x64.ActiveCfg = Release|Any CPU
		{24275E1F-8093-4712-BEB0-10F210C3B055}.Release|x64.Build.0 = Release|Any CPU
		{24275E1F-8093-4712-BEB0-10F210C3B055}.Release|x86.ActiveCfg = Release|Any CPU
		{24275E1F-8093-4712-BEB0-10F210C3B055}.Release|x86.Build.0 = Release|Any CPU
		{D6FD36EF-22C4-4D83-AC9B-1861255EC87A}.Debug|Any CPU.ActiveCfg = Debug|Any CPU
		{D6FD36EF-22C4-4D83-AC9B-1861255EC87A}.Debug|Any CPU.Build.0 = Debug|Any CPU
		{D6FD36EF-22C4-4D83-AC9B-1861255EC87A}.Debug|x64.ActiveCfg = Debug|Any CPU
		{D6FD36EF-22C4-4D83-AC9B-1861255EC87A}.Debug|x64.Build.0 = Debug|Any CPU
		{D6FD36EF-22C4-4D83-AC9B-1861255EC87A}.Debug|x86.ActiveCfg = Debug|Any CPU
		{D6FD36EF-22C4-4D83-AC9B-1861255EC87A}.Debug|x86.Build.0 = Debug|Any CPU
		{D6FD36EF-22C4-4D83-AC9B-1861255EC87A}.Install|Any CPU.ActiveCfg = Release|Any CPU
		{D6FD36EF-22C4-4D83-AC9B-1861255EC87A}.Install|Any CPU.Build.0 = Release|Any CPU
		{D6FD36EF-22C4-4D83-AC9B-1861255EC87A}.Install|x64.ActiveCfg = Release|Any CPU
		{D6FD36EF-22C4-4D83-AC9B-1861255EC87A}.Install|x64.Build.0 = Release|Any CPU
		{D6FD36EF-22C4-4D83-AC9B-1861255EC87A}.Install|x86.ActiveCfg = Release|Any CPU
		{D6FD36EF-22C4-4D83-AC9B-1861255EC87A}.Install|x86.Build.0 = Release|Any CPU
		{D6FD36EF-22C4-4D83-AC9B-1861255EC87A}.Release|Any CPU.ActiveCfg = Release|Any CPU
		{D6FD36EF-22C4-4D83-AC9B-1861255EC87A}.Release|Any CPU.Build.0 = Release|Any CPU
		{D6FD36EF-22C4-4D83-AC9B-1861255EC87A}.Release|x64.ActiveCfg = Release|Any CPU
		{D6FD36EF-22C4-4D83-AC9B-1861255EC87A}.Release|x64.Build.0 = Release|Any CPU
		{D6FD36EF-22C4-4D83-AC9B-1861255EC87A}.Release|x86.ActiveCfg = Release|Any CPU
		{D6FD36EF-22C4-4D83-AC9B-1861255EC87A}.Release|x86.Build.0 = Release|Any CPU
		{18113062-728F-4911-B227-375A76BBFC6D}.Debug|Any CPU.ActiveCfg = Debug|Any CPU
		{18113062-728F-4911-B227-375A76BBFC6D}.Debug|Any CPU.Build.0 = Debug|Any CPU
		{18113062-728F-4911-B227-375A76BBFC6D}.Debug|x64.ActiveCfg = Debug|Any CPU
		{18113062-728F-4911-B227-375A76BBFC6D}.Debug|x64.Build.0 = Debug|Any CPU
		{18113062-728F-4911-B227-375A76BBFC6D}.Debug|x86.ActiveCfg = Debug|Any CPU
		{18113062-728F-4911-B227-375A76BBFC6D}.Debug|x86.Build.0 = Debug|Any CPU
		{18113062-728F-4911-B227-375A76BBFC6D}.Install|Any CPU.ActiveCfg = Release|Any CPU
		{18113062-728F-4911-B227-375A76BBFC6D}.Install|Any CPU.Build.0 = Release|Any CPU
		{18113062-728F-4911-B227-375A76BBFC6D}.Install|x64.ActiveCfg = Release|Any CPU
		{18113062-728F-4911-B227-375A76BBFC6D}.Install|x64.Build.0 = Release|Any CPU
		{18113062-728F-4911-B227-375A76BBFC6D}.Install|x86.ActiveCfg = Release|Any CPU
		{18113062-728F-4911-B227-375A76BBFC6D}.Install|x86.Build.0 = Release|Any CPU
		{18113062-728F-4911-B227-375A76BBFC6D}.Release|Any CPU.ActiveCfg = Release|Any CPU
		{18113062-728F-4911-B227-375A76BBFC6D}.Release|Any CPU.Build.0 = Release|Any CPU
		{18113062-728F-4911-B227-375A76BBFC6D}.Release|x64.ActiveCfg = Release|Any CPU
		{18113062-728F-4911-B227-375A76BBFC6D}.Release|x64.Build.0 = Release|Any CPU
		{18113062-728F-4911-B227-375A76BBFC6D}.Release|x86.ActiveCfg = Release|Any CPU
		{18113062-728F-4911-B227-375A76BBFC6D}.Release|x86.Build.0 = Release|Any CPU
		{D4EFB37D-F60C-43C9-96AB-951F6A1DDBEB}.Debug|Any CPU.ActiveCfg = Debug|Any CPU
		{D4EFB37D-F60C-43C9-96AB-951F6A1DDBEB}.Debug|Any CPU.Build.0 = Debug|Any CPU
		{D4EFB37D-F60C-43C9-96AB-951F6A1DDBEB}.Debug|x64.ActiveCfg = Debug|Any CPU
		{D4EFB37D-F60C-43C9-96AB-951F6A1DDBEB}.Debug|x64.Build.0 = Debug|Any CPU
		{D4EFB37D-F60C-43C9-96AB-951F6A1DDBEB}.Debug|x86.ActiveCfg = Debug|Any CPU
		{D4EFB37D-F60C-43C9-96AB-951F6A1DDBEB}.Debug|x86.Build.0 = Debug|Any CPU
		{D4EFB37D-F60C-43C9-96AB-951F6A1DDBEB}.Install|Any CPU.ActiveCfg = Release|Any CPU
		{D4EFB37D-F60C-43C9-96AB-951F6A1DDBEB}.Install|Any CPU.Build.0 = Release|Any CPU
		{D4EFB37D-F60C-43C9-96AB-951F6A1DDBEB}.Install|x64.ActiveCfg = Release|Any CPU
		{D4EFB37D-F60C-43C9-96AB-951F6A1DDBEB}.Install|x64.Build.0 = Release|Any CPU
		{D4EFB37D-F60C-43C9-96AB-951F6A1DDBEB}.Install|x86.ActiveCfg = Release|Any CPU
		{D4EFB37D-F60C-43C9-96AB-951F6A1DDBEB}.Install|x86.Build.0 = Release|Any CPU
		{D4EFB37D-F60C-43C9-96AB-951F6A1DDBEB}.Release|Any CPU.ActiveCfg = Release|Any CPU
		{D4EFB37D-F60C-43C9-96AB-951F6A1DDBEB}.Release|Any CPU.Build.0 = Release|Any CPU
		{D4EFB37D-F60C-43C9-96AB-951F6A1DDBEB}.Release|x64.ActiveCfg = Release|Any CPU
		{D4EFB37D-F60C-43C9-96AB-951F6A1DDBEB}.Release|x64.Build.0 = Release|Any CPU
		{D4EFB37D-F60C-43C9-96AB-951F6A1DDBEB}.Release|x86.ActiveCfg = Release|Any CPU
		{D4EFB37D-F60C-43C9-96AB-951F6A1DDBEB}.Release|x86.Build.0 = Release|Any CPU
		{92CC420A-6730-454D-8617-00888562F8E3}.Debug|Any CPU.ActiveCfg = Debug|Any CPU
		{92CC420A-6730-454D-8617-00888562F8E3}.Debug|Any CPU.Build.0 = Debug|Any CPU
		{92CC420A-6730-454D-8617-00888562F8E3}.Debug|x64.ActiveCfg = Debug|Any CPU
		{92CC420A-6730-454D-8617-00888562F8E3}.Debug|x64.Build.0 = Debug|Any CPU
		{92CC420A-6730-454D-8617-00888562F8E3}.Debug|x86.ActiveCfg = Debug|Any CPU
		{92CC420A-6730-454D-8617-00888562F8E3}.Debug|x86.Build.0 = Debug|Any CPU
		{92CC420A-6730-454D-8617-00888562F8E3}.Install|Any CPU.ActiveCfg = Release|Any CPU
		{92CC420A-6730-454D-8617-00888562F8E3}.Install|Any CPU.Build.0 = Release|Any CPU
		{92CC420A-6730-454D-8617-00888562F8E3}.Install|x64.ActiveCfg = Release|Any CPU
		{92CC420A-6730-454D-8617-00888562F8E3}.Install|x64.Build.0 = Release|Any CPU
		{92CC420A-6730-454D-8617-00888562F8E3}.Install|x86.ActiveCfg = Release|Any CPU
		{92CC420A-6730-454D-8617-00888562F8E3}.Install|x86.Build.0 = Release|Any CPU
		{92CC420A-6730-454D-8617-00888562F8E3}.Release|Any CPU.ActiveCfg = Release|Any CPU
		{92CC420A-6730-454D-8617-00888562F8E3}.Release|Any CPU.Build.0 = Release|Any CPU
		{92CC420A-6730-454D-8617-00888562F8E3}.Release|x64.ActiveCfg = Release|Any CPU
		{92CC420A-6730-454D-8617-00888562F8E3}.Release|x64.Build.0 = Release|Any CPU
		{92CC420A-6730-454D-8617-00888562F8E3}.Release|x86.ActiveCfg = Release|Any CPU
		{92CC420A-6730-454D-8617-00888562F8E3}.Release|x86.Build.0 = Release|Any CPU
		{2F373C06-7ABE-4C70-A3FB-9C66DB92D684}.Debug|Any CPU.ActiveCfg = Debug|Any CPU
		{2F373C06-7ABE-4C70-A3FB-9C66DB92D684}.Debug|Any CPU.Build.0 = Debug|Any CPU
		{2F373C06-7ABE-4C70-A3FB-9C66DB92D684}.Debug|x64.ActiveCfg = Debug|Any CPU
		{2F373C06-7ABE-4C70-A3FB-9C66DB92D684}.Debug|x64.Build.0 = Debug|Any CPU
		{2F373C06-7ABE-4C70-A3FB-9C66DB92D684}.Debug|x86.ActiveCfg = Debug|Any CPU
		{2F373C06-7ABE-4C70-A3FB-9C66DB92D684}.Debug|x86.Build.0 = Debug|Any CPU
		{2F373C06-7ABE-4C70-A3FB-9C66DB92D684}.Install|Any CPU.ActiveCfg = Release|Any CPU
		{2F373C06-7ABE-4C70-A3FB-9C66DB92D684}.Install|Any CPU.Build.0 = Release|Any CPU
		{2F373C06-7ABE-4C70-A3FB-9C66DB92D684}.Install|x64.ActiveCfg = Release|Any CPU
		{2F373C06-7ABE-4C70-A3FB-9C66DB92D684}.Install|x64.Build.0 = Release|Any CPU
		{2F373C06-7ABE-4C70-A3FB-9C66DB92D684}.Install|x86.ActiveCfg = Release|Any CPU
		{2F373C06-7ABE-4C70-A3FB-9C66DB92D684}.Install|x86.Build.0 = Release|Any CPU
		{2F373C06-7ABE-4C70-A3FB-9C66DB92D684}.Release|Any CPU.ActiveCfg = Release|Any CPU
		{2F373C06-7ABE-4C70-A3FB-9C66DB92D684}.Release|Any CPU.Build.0 = Release|Any CPU
		{2F373C06-7ABE-4C70-A3FB-9C66DB92D684}.Release|x64.ActiveCfg = Release|Any CPU
		{2F373C06-7ABE-4C70-A3FB-9C66DB92D684}.Release|x64.Build.0 = Release|Any CPU
		{2F373C06-7ABE-4C70-A3FB-9C66DB92D684}.Release|x86.ActiveCfg = Release|Any CPU
		{2F373C06-7ABE-4C70-A3FB-9C66DB92D684}.Release|x86.Build.0 = Release|Any CPU
		{D2FFA499-F6AC-47AC-93CD-6D05D7DAD91B}.Debug|Any CPU.ActiveCfg = Debug|Any CPU
		{D2FFA499-F6AC-47AC-93CD-6D05D7DAD91B}.Debug|Any CPU.Build.0 = Debug|Any CPU
		{D2FFA499-F6AC-47AC-93CD-6D05D7DAD91B}.Debug|x64.ActiveCfg = Debug|Any CPU
		{D2FFA499-F6AC-47AC-93CD-6D05D7DAD91B}.Debug|x64.Build.0 = Debug|Any CPU
		{D2FFA499-F6AC-47AC-93CD-6D05D7DAD91B}.Debug|x86.ActiveCfg = Debug|Any CPU
		{D2FFA499-F6AC-47AC-93CD-6D05D7DAD91B}.Debug|x86.Build.0 = Debug|Any CPU
		{D2FFA499-F6AC-47AC-93CD-6D05D7DAD91B}.Install|Any CPU.ActiveCfg = Release|Any CPU
		{D2FFA499-F6AC-47AC-93CD-6D05D7DAD91B}.Install|Any CPU.Build.0 = Release|Any CPU
		{D2FFA499-F6AC-47AC-93CD-6D05D7DAD91B}.Install|x64.ActiveCfg = Release|Any CPU
		{D2FFA499-F6AC-47AC-93CD-6D05D7DAD91B}.Install|x64.Build.0 = Release|Any CPU
		{D2FFA499-F6AC-47AC-93CD-6D05D7DAD91B}.Install|x86.ActiveCfg = Release|Any CPU
		{D2FFA499-F6AC-47AC-93CD-6D05D7DAD91B}.Install|x86.Build.0 = Release|Any CPU
		{D2FFA499-F6AC-47AC-93CD-6D05D7DAD91B}.Release|Any CPU.ActiveCfg = Release|Any CPU
		{D2FFA499-F6AC-47AC-93CD-6D05D7DAD91B}.Release|Any CPU.Build.0 = Release|Any CPU
		{D2FFA499-F6AC-47AC-93CD-6D05D7DAD91B}.Release|x64.ActiveCfg = Release|Any CPU
		{D2FFA499-F6AC-47AC-93CD-6D05D7DAD91B}.Release|x64.Build.0 = Release|Any CPU
		{D2FFA499-F6AC-47AC-93CD-6D05D7DAD91B}.Release|x86.ActiveCfg = Release|Any CPU
		{D2FFA499-F6AC-47AC-93CD-6D05D7DAD91B}.Release|x86.Build.0 = Release|Any CPU
		{04A9CAE2-78AF-4A7C-8BB7-C62A2CD667DF}.Debug|Any CPU.ActiveCfg = Debug|Any CPU
		{04A9CAE2-78AF-4A7C-8BB7-C62A2CD667DF}.Debug|Any CPU.Build.0 = Debug|Any CPU
		{04A9CAE2-78AF-4A7C-8BB7-C62A2CD667DF}.Debug|x64.ActiveCfg = Debug|Any CPU
		{04A9CAE2-78AF-4A7C-8BB7-C62A2CD667DF}.Debug|x64.Build.0 = Debug|Any CPU
		{04A9CAE2-78AF-4A7C-8BB7-C62A2CD667DF}.Debug|x86.ActiveCfg = Debug|Any CPU
		{04A9CAE2-78AF-4A7C-8BB7-C62A2CD667DF}.Debug|x86.Build.0 = Debug|Any CPU
		{04A9CAE2-78AF-4A7C-8BB7-C62A2CD667DF}.Install|Any CPU.ActiveCfg = Release|Any CPU
		{04A9CAE2-78AF-4A7C-8BB7-C62A2CD667DF}.Install|Any CPU.Build.0 = Release|Any CPU
		{04A9CAE2-78AF-4A7C-8BB7-C62A2CD667DF}.Install|x64.ActiveCfg = Release|Any CPU
		{04A9CAE2-78AF-4A7C-8BB7-C62A2CD667DF}.Install|x64.Build.0 = Release|Any CPU
		{04A9CAE2-78AF-4A7C-8BB7-C62A2CD667DF}.Install|x86.ActiveCfg = Release|Any CPU
		{04A9CAE2-78AF-4A7C-8BB7-C62A2CD667DF}.Install|x86.Build.0 = Release|Any CPU
		{04A9CAE2-78AF-4A7C-8BB7-C62A2CD667DF}.Release|Any CPU.ActiveCfg = Release|Any CPU
		{04A9CAE2-78AF-4A7C-8BB7-C62A2CD667DF}.Release|Any CPU.Build.0 = Release|Any CPU
		{04A9CAE2-78AF-4A7C-8BB7-C62A2CD667DF}.Release|x64.ActiveCfg = Release|Any CPU
		{04A9CAE2-78AF-4A7C-8BB7-C62A2CD667DF}.Release|x64.Build.0 = Release|Any CPU
		{04A9CAE2-78AF-4A7C-8BB7-C62A2CD667DF}.Release|x86.ActiveCfg = Release|Any CPU
		{04A9CAE2-78AF-4A7C-8BB7-C62A2CD667DF}.Release|x86.Build.0 = Release|Any CPU
		{B3F4C2D3-8444-410A-9EF6-6D6F02E71245}.Debug|Any CPU.ActiveCfg = Debug|Any CPU
		{B3F4C2D3-8444-410A-9EF6-6D6F02E71245}.Debug|Any CPU.Build.0 = Debug|Any CPU
		{B3F4C2D3-8444-410A-9EF6-6D6F02E71245}.Debug|x64.ActiveCfg = Debug|Any CPU
		{B3F4C2D3-8444-410A-9EF6-6D6F02E71245}.Debug|x64.Build.0 = Debug|Any CPU
		{B3F4C2D3-8444-410A-9EF6-6D6F02E71245}.Debug|x86.ActiveCfg = Debug|Any CPU
		{B3F4C2D3-8444-410A-9EF6-6D6F02E71245}.Debug|x86.Build.0 = Debug|Any CPU
		{B3F4C2D3-8444-410A-9EF6-6D6F02E71245}.Install|Any CPU.ActiveCfg = Release|Any CPU
		{B3F4C2D3-8444-410A-9EF6-6D6F02E71245}.Install|Any CPU.Build.0 = Release|Any CPU
		{B3F4C2D3-8444-410A-9EF6-6D6F02E71245}.Install|x64.ActiveCfg = Release|Any CPU
		{B3F4C2D3-8444-410A-9EF6-6D6F02E71245}.Install|x64.Build.0 = Release|Any CPU
		{B3F4C2D3-8444-410A-9EF6-6D6F02E71245}.Install|x86.ActiveCfg = Release|Any CPU
		{B3F4C2D3-8444-410A-9EF6-6D6F02E71245}.Install|x86.Build.0 = Release|Any CPU
		{B3F4C2D3-8444-410A-9EF6-6D6F02E71245}.Release|Any CPU.ActiveCfg = Release|Any CPU
		{B3F4C2D3-8444-410A-9EF6-6D6F02E71245}.Release|Any CPU.Build.0 = Release|Any CPU
		{B3F4C2D3-8444-410A-9EF6-6D6F02E71245}.Release|x64.ActiveCfg = Release|Any CPU
		{B3F4C2D3-8444-410A-9EF6-6D6F02E71245}.Release|x64.Build.0 = Release|Any CPU
		{B3F4C2D3-8444-410A-9EF6-6D6F02E71245}.Release|x86.ActiveCfg = Release|Any CPU
		{B3F4C2D3-8444-410A-9EF6-6D6F02E71245}.Release|x86.Build.0 = Release|Any CPU
		{5D8F7036-E5E8-4B14-9889-0140A6FE1F5E}.Debug|Any CPU.ActiveCfg = Debug|Any CPU
		{5D8F7036-E5E8-4B14-9889-0140A6FE1F5E}.Debug|Any CPU.Build.0 = Debug|Any CPU
		{5D8F7036-E5E8-4B14-9889-0140A6FE1F5E}.Debug|x64.ActiveCfg = Debug|Any CPU
		{5D8F7036-E5E8-4B14-9889-0140A6FE1F5E}.Debug|x64.Build.0 = Debug|Any CPU
		{5D8F7036-E5E8-4B14-9889-0140A6FE1F5E}.Debug|x86.ActiveCfg = Debug|Any CPU
		{5D8F7036-E5E8-4B14-9889-0140A6FE1F5E}.Debug|x86.Build.0 = Debug|Any CPU
		{5D8F7036-E5E8-4B14-9889-0140A6FE1F5E}.Install|Any CPU.ActiveCfg = Release|Any CPU
		{5D8F7036-E5E8-4B14-9889-0140A6FE1F5E}.Install|Any CPU.Build.0 = Release|Any CPU
		{5D8F7036-E5E8-4B14-9889-0140A6FE1F5E}.Install|x64.ActiveCfg = Release|Any CPU
		{5D8F7036-E5E8-4B14-9889-0140A6FE1F5E}.Install|x64.Build.0 = Release|Any CPU
		{5D8F7036-E5E8-4B14-9889-0140A6FE1F5E}.Install|x86.ActiveCfg = Release|Any CPU
		{5D8F7036-E5E8-4B14-9889-0140A6FE1F5E}.Install|x86.Build.0 = Release|Any CPU
		{5D8F7036-E5E8-4B14-9889-0140A6FE1F5E}.Release|Any CPU.ActiveCfg = Release|Any CPU
		{5D8F7036-E5E8-4B14-9889-0140A6FE1F5E}.Release|Any CPU.Build.0 = Release|Any CPU
		{5D8F7036-E5E8-4B14-9889-0140A6FE1F5E}.Release|x64.ActiveCfg = Release|Any CPU
		{5D8F7036-E5E8-4B14-9889-0140A6FE1F5E}.Release|x64.Build.0 = Release|Any CPU
		{5D8F7036-E5E8-4B14-9889-0140A6FE1F5E}.Release|x86.ActiveCfg = Release|Any CPU
		{5D8F7036-E5E8-4B14-9889-0140A6FE1F5E}.Release|x86.Build.0 = Release|Any CPU
		{B2F90902-E087-443D-84B0-D626E617E8D4}.Debug|Any CPU.ActiveCfg = Debug|Any CPU
		{B2F90902-E087-443D-84B0-D626E617E8D4}.Debug|Any CPU.Build.0 = Debug|Any CPU
		{B2F90902-E087-443D-84B0-D626E617E8D4}.Debug|x64.ActiveCfg = Debug|Any CPU
		{B2F90902-E087-443D-84B0-D626E617E8D4}.Debug|x64.Build.0 = Debug|Any CPU
		{B2F90902-E087-443D-84B0-D626E617E8D4}.Debug|x86.ActiveCfg = Debug|Any CPU
		{B2F90902-E087-443D-84B0-D626E617E8D4}.Debug|x86.Build.0 = Debug|Any CPU
		{B2F90902-E087-443D-84B0-D626E617E8D4}.Install|Any CPU.ActiveCfg = Release|Any CPU
		{B2F90902-E087-443D-84B0-D626E617E8D4}.Install|Any CPU.Build.0 = Release|Any CPU
		{B2F90902-E087-443D-84B0-D626E617E8D4}.Install|x64.ActiveCfg = Release|Any CPU
		{B2F90902-E087-443D-84B0-D626E617E8D4}.Install|x64.Build.0 = Release|Any CPU
		{B2F90902-E087-443D-84B0-D626E617E8D4}.Install|x86.ActiveCfg = Release|Any CPU
		{B2F90902-E087-443D-84B0-D626E617E8D4}.Install|x86.Build.0 = Release|Any CPU
		{B2F90902-E087-443D-84B0-D626E617E8D4}.Release|Any CPU.ActiveCfg = Release|Any CPU
		{B2F90902-E087-443D-84B0-D626E617E8D4}.Release|Any CPU.Build.0 = Release|Any CPU
		{B2F90902-E087-443D-84B0-D626E617E8D4}.Release|x64.ActiveCfg = Release|Any CPU
		{B2F90902-E087-443D-84B0-D626E617E8D4}.Release|x64.Build.0 = Release|Any CPU
		{B2F90902-E087-443D-84B0-D626E617E8D4}.Release|x86.ActiveCfg = Release|Any CPU
		{B2F90902-E087-443D-84B0-D626E617E8D4}.Release|x86.Build.0 = Release|Any CPU
		{5B0E3165-F13E-472A-AEC6-2F611BBB21ED}.Debug|Any CPU.ActiveCfg = Debug|Any CPU
		{5B0E3165-F13E-472A-AEC6-2F611BBB21ED}.Debug|Any CPU.Build.0 = Debug|Any CPU
		{5B0E3165-F13E-472A-AEC6-2F611BBB21ED}.Debug|x64.ActiveCfg = Debug|Any CPU
		{5B0E3165-F13E-472A-AEC6-2F611BBB21ED}.Debug|x64.Build.0 = Debug|Any CPU
		{5B0E3165-F13E-472A-AEC6-2F611BBB21ED}.Debug|x86.ActiveCfg = Debug|Any CPU
		{5B0E3165-F13E-472A-AEC6-2F611BBB21ED}.Debug|x86.Build.0 = Debug|Any CPU
		{5B0E3165-F13E-472A-AEC6-2F611BBB21ED}.Install|Any CPU.ActiveCfg = Release|Any CPU
		{5B0E3165-F13E-472A-AEC6-2F611BBB21ED}.Install|Any CPU.Build.0 = Release|Any CPU
		{5B0E3165-F13E-472A-AEC6-2F611BBB21ED}.Install|x64.ActiveCfg = Release|Any CPU
		{5B0E3165-F13E-472A-AEC6-2F611BBB21ED}.Install|x64.Build.0 = Release|Any CPU
		{5B0E3165-F13E-472A-AEC6-2F611BBB21ED}.Install|x86.ActiveCfg = Release|Any CPU
		{5B0E3165-F13E-472A-AEC6-2F611BBB21ED}.Install|x86.Build.0 = Release|Any CPU
		{5B0E3165-F13E-472A-AEC6-2F611BBB21ED}.Release|Any CPU.ActiveCfg = Release|Any CPU
		{5B0E3165-F13E-472A-AEC6-2F611BBB21ED}.Release|Any CPU.Build.0 = Release|Any CPU
		{5B0E3165-F13E-472A-AEC6-2F611BBB21ED}.Release|x64.ActiveCfg = Release|Any CPU
		{5B0E3165-F13E-472A-AEC6-2F611BBB21ED}.Release|x64.Build.0 = Release|Any CPU
		{5B0E3165-F13E-472A-AEC6-2F611BBB21ED}.Release|x86.ActiveCfg = Release|Any CPU
		{5B0E3165-F13E-472A-AEC6-2F611BBB21ED}.Release|x86.Build.0 = Release|Any CPU
		{F68B03E8-63DA-4123-842F-9CC7358F0E6B}.Debug|Any CPU.ActiveCfg = Debug|Any CPU
		{F68B03E8-63DA-4123-842F-9CC7358F0E6B}.Debug|Any CPU.Build.0 = Debug|Any CPU
		{F68B03E8-63DA-4123-842F-9CC7358F0E6B}.Debug|x64.ActiveCfg = Debug|Any CPU
		{F68B03E8-63DA-4123-842F-9CC7358F0E6B}.Debug|x64.Build.0 = Debug|Any CPU
		{F68B03E8-63DA-4123-842F-9CC7358F0E6B}.Debug|x86.ActiveCfg = Debug|Any CPU
		{F68B03E8-63DA-4123-842F-9CC7358F0E6B}.Debug|x86.Build.0 = Debug|Any CPU
		{F68B03E8-63DA-4123-842F-9CC7358F0E6B}.Install|Any CPU.ActiveCfg = Release|Any CPU
		{F68B03E8-63DA-4123-842F-9CC7358F0E6B}.Install|Any CPU.Build.0 = Release|Any CPU
		{F68B03E8-63DA-4123-842F-9CC7358F0E6B}.Install|x64.ActiveCfg = Release|Any CPU
		{F68B03E8-63DA-4123-842F-9CC7358F0E6B}.Install|x64.Build.0 = Release|Any CPU
		{F68B03E8-63DA-4123-842F-9CC7358F0E6B}.Install|x86.ActiveCfg = Release|Any CPU
		{F68B03E8-63DA-4123-842F-9CC7358F0E6B}.Install|x86.Build.0 = Release|Any CPU
		{F68B03E8-63DA-4123-842F-9CC7358F0E6B}.Release|Any CPU.ActiveCfg = Release|Any CPU
		{F68B03E8-63DA-4123-842F-9CC7358F0E6B}.Release|Any CPU.Build.0 = Release|Any CPU
		{F68B03E8-63DA-4123-842F-9CC7358F0E6B}.Release|x64.ActiveCfg = Release|Any CPU
		{F68B03E8-63DA-4123-842F-9CC7358F0E6B}.Release|x64.Build.0 = Release|Any CPU
		{F68B03E8-63DA-4123-842F-9CC7358F0E6B}.Release|x86.ActiveCfg = Release|Any CPU
		{F68B03E8-63DA-4123-842F-9CC7358F0E6B}.Release|x86.Build.0 = Release|Any CPU
		{210B217E-23C9-4256-AB82-438BBFAFCDC3}.Debug|Any CPU.ActiveCfg = Debug|Any CPU
		{210B217E-23C9-4256-AB82-438BBFAFCDC3}.Debug|Any CPU.Build.0 = Debug|Any CPU
		{210B217E-23C9-4256-AB82-438BBFAFCDC3}.Debug|x64.ActiveCfg = Debug|Any CPU
		{210B217E-23C9-4256-AB82-438BBFAFCDC3}.Debug|x64.Build.0 = Debug|Any CPU
		{210B217E-23C9-4256-AB82-438BBFAFCDC3}.Debug|x86.ActiveCfg = Debug|Any CPU
		{210B217E-23C9-4256-AB82-438BBFAFCDC3}.Debug|x86.Build.0 = Debug|Any CPU
		{210B217E-23C9-4256-AB82-438BBFAFCDC3}.Install|Any CPU.ActiveCfg = Release|Any CPU
		{210B217E-23C9-4256-AB82-438BBFAFCDC3}.Install|Any CPU.Build.0 = Release|Any CPU
		{210B217E-23C9-4256-AB82-438BBFAFCDC3}.Install|x64.ActiveCfg = Release|Any CPU
		{210B217E-23C9-4256-AB82-438BBFAFCDC3}.Install|x64.Build.0 = Release|Any CPU
		{210B217E-23C9-4256-AB82-438BBFAFCDC3}.Install|x86.ActiveCfg = Release|Any CPU
		{210B217E-23C9-4256-AB82-438BBFAFCDC3}.Install|x86.Build.0 = Release|Any CPU
		{210B217E-23C9-4256-AB82-438BBFAFCDC3}.Release|Any CPU.ActiveCfg = Release|Any CPU
		{210B217E-23C9-4256-AB82-438BBFAFCDC3}.Release|Any CPU.Build.0 = Release|Any CPU
		{210B217E-23C9-4256-AB82-438BBFAFCDC3}.Release|x64.ActiveCfg = Release|Any CPU
		{210B217E-23C9-4256-AB82-438BBFAFCDC3}.Release|x64.Build.0 = Release|Any CPU
		{210B217E-23C9-4256-AB82-438BBFAFCDC3}.Release|x86.ActiveCfg = Release|Any CPU
		{210B217E-23C9-4256-AB82-438BBFAFCDC3}.Release|x86.Build.0 = Release|Any CPU
		{3F5C76B6-5ADF-4AFC-8580-29311DC30836}.Debug|Any CPU.ActiveCfg = Debug|x86
		{3F5C76B6-5ADF-4AFC-8580-29311DC30836}.Debug|x64.ActiveCfg = Debug|x64
		{3F5C76B6-5ADF-4AFC-8580-29311DC30836}.Debug|x86.ActiveCfg = Debug|x86
		{3F5C76B6-5ADF-4AFC-8580-29311DC30836}.Install|Any CPU.ActiveCfg = Release|x64
		{3F5C76B6-5ADF-4AFC-8580-29311DC30836}.Install|Any CPU.Build.0 = Release|x64
		{3F5C76B6-5ADF-4AFC-8580-29311DC30836}.Install|x64.ActiveCfg = Release|x64
		{3F5C76B6-5ADF-4AFC-8580-29311DC30836}.Install|x64.Build.0 = Release|x64
		{3F5C76B6-5ADF-4AFC-8580-29311DC30836}.Install|x86.ActiveCfg = Release|x86
		{3F5C76B6-5ADF-4AFC-8580-29311DC30836}.Install|x86.Build.0 = Release|x86
		{3F5C76B6-5ADF-4AFC-8580-29311DC30836}.Release|Any CPU.ActiveCfg = Release|x86
		{3F5C76B6-5ADF-4AFC-8580-29311DC30836}.Release|x64.ActiveCfg = Release|x64
		{3F5C76B6-5ADF-4AFC-8580-29311DC30836}.Release|x86.ActiveCfg = Release|x86
		{A1075DC2-2B7D-426A-A3DF-621F1FE36431}.Debug|Any CPU.ActiveCfg = Debug|Any CPU
		{A1075DC2-2B7D-426A-A3DF-621F1FE36431}.Debug|Any CPU.Build.0 = Debug|Any CPU
		{A1075DC2-2B7D-426A-A3DF-621F1FE36431}.Debug|x64.ActiveCfg = Debug|Any CPU
		{A1075DC2-2B7D-426A-A3DF-621F1FE36431}.Debug|x64.Build.0 = Debug|Any CPU
		{A1075DC2-2B7D-426A-A3DF-621F1FE36431}.Debug|x86.ActiveCfg = Debug|Any CPU
		{A1075DC2-2B7D-426A-A3DF-621F1FE36431}.Debug|x86.Build.0 = Debug|Any CPU
		{A1075DC2-2B7D-426A-A3DF-621F1FE36431}.Install|Any CPU.ActiveCfg = Release|Any CPU
		{A1075DC2-2B7D-426A-A3DF-621F1FE36431}.Install|Any CPU.Build.0 = Release|Any CPU
		{A1075DC2-2B7D-426A-A3DF-621F1FE36431}.Install|x64.ActiveCfg = Release|Any CPU
		{A1075DC2-2B7D-426A-A3DF-621F1FE36431}.Install|x64.Build.0 = Release|Any CPU
		{A1075DC2-2B7D-426A-A3DF-621F1FE36431}.Install|x86.ActiveCfg = Debug|Any CPU
		{A1075DC2-2B7D-426A-A3DF-621F1FE36431}.Install|x86.Build.0 = Debug|Any CPU
		{A1075DC2-2B7D-426A-A3DF-621F1FE36431}.Release|Any CPU.ActiveCfg = Release|Any CPU
		{A1075DC2-2B7D-426A-A3DF-621F1FE36431}.Release|Any CPU.Build.0 = Release|Any CPU
		{A1075DC2-2B7D-426A-A3DF-621F1FE36431}.Release|x64.ActiveCfg = Release|Any CPU
		{A1075DC2-2B7D-426A-A3DF-621F1FE36431}.Release|x64.Build.0 = Release|Any CPU
		{A1075DC2-2B7D-426A-A3DF-621F1FE36431}.Release|x86.ActiveCfg = Release|Any CPU
		{A1075DC2-2B7D-426A-A3DF-621F1FE36431}.Release|x86.Build.0 = Release|Any CPU
		{3D7581F6-F735-4B44-9B70-EB879CCBF94D}.Debug|Any CPU.ActiveCfg = Debug|Any CPU
		{3D7581F6-F735-4B44-9B70-EB879CCBF94D}.Debug|Any CPU.Build.0 = Debug|Any CPU
		{3D7581F6-F735-4B44-9B70-EB879CCBF94D}.Debug|x64.ActiveCfg = Debug|Any CPU
		{3D7581F6-F735-4B44-9B70-EB879CCBF94D}.Debug|x64.Build.0 = Debug|Any CPU
		{3D7581F6-F735-4B44-9B70-EB879CCBF94D}.Debug|x86.ActiveCfg = Debug|Any CPU
		{3D7581F6-F735-4B44-9B70-EB879CCBF94D}.Debug|x86.Build.0 = Debug|Any CPU
		{3D7581F6-F735-4B44-9B70-EB879CCBF94D}.Install|Any CPU.ActiveCfg = Release|Any CPU
		{3D7581F6-F735-4B44-9B70-EB879CCBF94D}.Install|Any CPU.Build.0 = Release|Any CPU
		{3D7581F6-F735-4B44-9B70-EB879CCBF94D}.Install|x64.ActiveCfg = Release|Any CPU
		{3D7581F6-F735-4B44-9B70-EB879CCBF94D}.Install|x64.Build.0 = Release|Any CPU
		{3D7581F6-F735-4B44-9B70-EB879CCBF94D}.Install|x86.ActiveCfg = Debug|Any CPU
		{3D7581F6-F735-4B44-9B70-EB879CCBF94D}.Install|x86.Build.0 = Debug|Any CPU
		{3D7581F6-F735-4B44-9B70-EB879CCBF94D}.Release|Any CPU.ActiveCfg = Release|Any CPU
		{3D7581F6-F735-4B44-9B70-EB879CCBF94D}.Release|Any CPU.Build.0 = Release|Any CPU
		{3D7581F6-F735-4B44-9B70-EB879CCBF94D}.Release|x64.ActiveCfg = Release|Any CPU
		{3D7581F6-F735-4B44-9B70-EB879CCBF94D}.Release|x64.Build.0 = Release|Any CPU
		{3D7581F6-F735-4B44-9B70-EB879CCBF94D}.Release|x86.ActiveCfg = Release|Any CPU
		{3D7581F6-F735-4B44-9B70-EB879CCBF94D}.Release|x86.Build.0 = Release|Any CPU
		{C00195BE-6BEF-4648-9093-5F6244EE3616}.Debug|Any CPU.ActiveCfg = Debug|Any CPU
		{C00195BE-6BEF-4648-9093-5F6244EE3616}.Debug|Any CPU.Build.0 = Debug|Any CPU
		{C00195BE-6BEF-4648-9093-5F6244EE3616}.Debug|x64.ActiveCfg = Debug|Any CPU
		{C00195BE-6BEF-4648-9093-5F6244EE3616}.Debug|x64.Build.0 = Debug|Any CPU
		{C00195BE-6BEF-4648-9093-5F6244EE3616}.Debug|x86.ActiveCfg = Debug|Any CPU
		{C00195BE-6BEF-4648-9093-5F6244EE3616}.Debug|x86.Build.0 = Debug|Any CPU
		{C00195BE-6BEF-4648-9093-5F6244EE3616}.Install|Any CPU.ActiveCfg = Debug|Any CPU
		{C00195BE-6BEF-4648-9093-5F6244EE3616}.Install|Any CPU.Build.0 = Debug|Any CPU
		{C00195BE-6BEF-4648-9093-5F6244EE3616}.Install|x64.ActiveCfg = Release|Any CPU
		{C00195BE-6BEF-4648-9093-5F6244EE3616}.Install|x64.Build.0 = Release|Any CPU
		{C00195BE-6BEF-4648-9093-5F6244EE3616}.Install|x86.ActiveCfg = Debug|Any CPU
		{C00195BE-6BEF-4648-9093-5F6244EE3616}.Install|x86.Build.0 = Debug|Any CPU
		{C00195BE-6BEF-4648-9093-5F6244EE3616}.Release|Any CPU.ActiveCfg = Release|Any CPU
		{C00195BE-6BEF-4648-9093-5F6244EE3616}.Release|Any CPU.Build.0 = Release|Any CPU
		{C00195BE-6BEF-4648-9093-5F6244EE3616}.Release|x64.ActiveCfg = Release|Any CPU
		{C00195BE-6BEF-4648-9093-5F6244EE3616}.Release|x64.Build.0 = Release|Any CPU
		{C00195BE-6BEF-4648-9093-5F6244EE3616}.Release|x86.ActiveCfg = Release|Any CPU
		{C00195BE-6BEF-4648-9093-5F6244EE3616}.Release|x86.Build.0 = Release|Any CPU
	EndGlobalSection
	GlobalSection(SolutionProperties) = preSolution
		HideSolutionNode = FALSE
	EndGlobalSection
	GlobalSection(NestedProjects) = preSolution
		{822645E8-4577-4B12-8AFF-7B4F3C615791} = {CD928969-BCE9-4EDE-9B15-4E8BE4996030}
		{41E4481E-D493-4743-9A17-3F74FEF44972} = {CD928969-BCE9-4EDE-9B15-4E8BE4996030}
		{714473F1-1077-4837-9106-7D2BDC67A78E} = {CD928969-BCE9-4EDE-9B15-4E8BE4996030}
		{ED5A36F8-0498-4B97-BB5C-67CFA7419089} = {CD928969-BCE9-4EDE-9B15-4E8BE4996030}
		{869B143B-663C-4941-99E7-328909E39D0E} = {CD928969-BCE9-4EDE-9B15-4E8BE4996030}
		{0AA5387F-D2FE-4A57-870C-B74EB9B2DC9D} = {CD928969-BCE9-4EDE-9B15-4E8BE4996030}
		{9DEFFD5B-F43D-4281-B897-4EBE3068F5CB} = {CD928969-BCE9-4EDE-9B15-4E8BE4996030}
		{E8D265B1-E3B1-4C3F-A6E5-59F55CEA590C} = {CD928969-BCE9-4EDE-9B15-4E8BE4996030}
		{24275E1F-8093-4712-BEB0-10F210C3B055} = {CD928969-BCE9-4EDE-9B15-4E8BE4996030}
		{D6FD36EF-22C4-4D83-AC9B-1861255EC87A} = {CD928969-BCE9-4EDE-9B15-4E8BE4996030}
		{18113062-728F-4911-B227-375A76BBFC6D} = {CD928969-BCE9-4EDE-9B15-4E8BE4996030}
		{D4EFB37D-F60C-43C9-96AB-951F6A1DDBEB} = {CD928969-BCE9-4EDE-9B15-4E8BE4996030}
		{92CC420A-6730-454D-8617-00888562F8E3} = {CD928969-BCE9-4EDE-9B15-4E8BE4996030}
		{2F373C06-7ABE-4C70-A3FB-9C66DB92D684} = {CD928969-BCE9-4EDE-9B15-4E8BE4996030}
		{D2FFA499-F6AC-47AC-93CD-6D05D7DAD91B} = {CD928969-BCE9-4EDE-9B15-4E8BE4996030}
		{04A9CAE2-78AF-4A7C-8BB7-C62A2CD667DF} = {CD928969-BCE9-4EDE-9B15-4E8BE4996030}
		{B3F4C2D3-8444-410A-9EF6-6D6F02E71245} = {CD928969-BCE9-4EDE-9B15-4E8BE4996030}
		{F68B03E8-63DA-4123-842F-9CC7358F0E6B} = {CD928969-BCE9-4EDE-9B15-4E8BE4996030}
		{210B217E-23C9-4256-AB82-438BBFAFCDC3} = {C0F7216E-8ECD-4EA8-8045-7FE685E59629}
		{3F5C76B6-5ADF-4AFC-8580-29311DC30836} = {C0F7216E-8ECD-4EA8-8045-7FE685E59629}
		{A1075DC2-2B7D-426A-A3DF-621F1FE36431} = {CD928969-BCE9-4EDE-9B15-4E8BE4996030}
	EndGlobalSection
	GlobalSection(ExtensibilityGlobals) = postSolution
		SolutionGuid = {B0DFFDC9-F288-4BC5-B34C-1BAB23FD5721}
	EndGlobalSection
EndGlobal
