
Microsoft Visual Studio Solution File, Format Version 12.00
# Visual Studio 2012
VisualStudioVersion = 14.0.24720.0
MinimumVisualStudioVersion = 10.0.40219.1
Project("{FAE04EC0-301F-11D3-BF4B-00C04F79EFBC}") = "GenericIrcBot", "GenericIrcBot\GenericIrcBot.csproj", "{501708E7-AC43-4DF4-B7BC-6A31074E30D1}"
EndProject
Project("{FAE04EC0-301F-11D3-BF4B-00C04F79EFBC}") = "Chaskis", "Chaskis\Chaskis.csproj", "{0A5E0053-5976-4E2C-A41B-8BAA8F112563}"
EndProject
Project("{D954291E-2A0B-460D-934E-DC6B0785DB48}") = "SethCSMono", "..\SethCS\SethCS\SethCSMono.shproj", "{9406B11B-3C52-4266-91F6-B6C176593B01}"
EndProject
Project("{FAE04EC0-301F-11D3-BF4B-00C04F79EFBC}") = "Tests", "Tests\Tests.csproj", "{CDE29556-87E8-4F1F-972A-33A9C849D390}"
EndProject
Project("{FAE04EC0-301F-11D3-BF4B-00C04F79EFBC}") = "WelcomeBotPlugin", "Plugins\WelcomeBotPlugin\WelcomeBotPlugin.csproj", "{19016BB6-B4C0-4E46-AB3B-EA7DED736BE5}"
EndProject
Global
	GlobalSection(SolutionConfigurationPlatforms) = preSolution
		Debug|Any CPU = Debug|Any CPU
		Release|Any CPU = Release|Any CPU
	EndGlobalSection
	GlobalSection(ProjectConfigurationPlatforms) = postSolution
		{0A5E0053-5976-4E2C-A41B-8BAA8F112563}.Debug|Any CPU.ActiveCfg = Debug|Any CPU
		{0A5E0053-5976-4E2C-A41B-8BAA8F112563}.Debug|Any CPU.Build.0 = Debug|Any CPU
		{0A5E0053-5976-4E2C-A41B-8BAA8F112563}.Release|Any CPU.ActiveCfg = Release|Any CPU
		{0A5E0053-5976-4E2C-A41B-8BAA8F112563}.Release|Any CPU.Build.0 = Release|Any CPU
		{19016BB6-B4C0-4E46-AB3B-EA7DED736BE5}.Debug|Any CPU.ActiveCfg = Debug|Any CPU
		{19016BB6-B4C0-4E46-AB3B-EA7DED736BE5}.Debug|Any CPU.Build.0 = Debug|Any CPU
		{19016BB6-B4C0-4E46-AB3B-EA7DED736BE5}.Release|Any CPU.ActiveCfg = Release|Any CPU
		{19016BB6-B4C0-4E46-AB3B-EA7DED736BE5}.Release|Any CPU.Build.0 = Release|Any CPU
		{501708E7-AC43-4DF4-B7BC-6A31074E30D1}.Debug|Any CPU.ActiveCfg = Debug|Any CPU
		{501708E7-AC43-4DF4-B7BC-6A31074E30D1}.Debug|Any CPU.Build.0 = Debug|Any CPU
		{501708E7-AC43-4DF4-B7BC-6A31074E30D1}.Release|Any CPU.ActiveCfg = Release|Any CPU
		{501708E7-AC43-4DF4-B7BC-6A31074E30D1}.Release|Any CPU.Build.0 = Release|Any CPU
		{CDE29556-87E8-4F1F-972A-33A9C849D390}.Debug|Any CPU.ActiveCfg = Debug|Any CPU
		{CDE29556-87E8-4F1F-972A-33A9C849D390}.Debug|Any CPU.Build.0 = Debug|Any CPU
		{CDE29556-87E8-4F1F-972A-33A9C849D390}.Release|Any CPU.ActiveCfg = Release|Any CPU
		{CDE29556-87E8-4F1F-972A-33A9C849D390}.Release|Any CPU.Build.0 = Release|Any CPU
	EndGlobalSection
	GlobalSection(MonoDevelopProperties) = preSolution
		Policies = $0
		$0.StandardHeader = $1
		$1.Text = @\n         Copyright Seth Hendrick 2016.\nDistributed under the Boost Software License, Version 1.0.\n   (See accompanying file ../../LICENSE_1_0.txt or copy at\n         http://www.boost.org/LICENSE_1_0.txt)\n
		$1.IncludeInNewFiles = True
	EndGlobalSection
	GlobalSection(SharedMSBuildProjectFiles) = preSolution
		..\SethCS\SethCS\SethCSMono.projitems*{9406b11b-3c52-4266-91f6-b6c176593b01}*SharedItemsImports = 13
	EndGlobalSection
	GlobalSection(SolutionProperties) = preSolution
		HideSolutionNode = FALSE
	EndGlobalSection
EndGlobal
